// !$*UTF8*$!
{
	archiveVersion = 1;
	classes = {
	};
	objectVersion = 46;
	objects = {

/* Begin PBXBuildFile section */
		200F86081E01A54C00050731 /* Settings.bundle in Resources */ = {isa = PBXBuildFile; fileRef = 200F86071E01A54C00050731 /* Settings.bundle */; };
		2019ED811D61AD9400912018 /* libKairosSDK.a in Frameworks */ = {isa = PBXBuildFile; fileRef = 2019ED7E1D61AD8200912018 /* libKairosSDK.a */; };
		2029C0CF1D68CAD700DB72AF /* UIKit.framework in Frameworks */ = {isa = PBXBuildFile; fileRef = 2029C0CE1D68CAD700DB72AF /* UIKit.framework */; };
		2029C0D11D68CADD00DB72AF /* Foundation.framework in Frameworks */ = {isa = PBXBuildFile; fileRef = 2029C0D01D68CADD00DB72AF /* Foundation.framework */; };
		2029C0D31D68CAE200DB72AF /* CoreImage.framework in Frameworks */ = {isa = PBXBuildFile; fileRef = 2029C0D21D68CAE200DB72AF /* CoreImage.framework */; };
		2029C0D51D68CAE800DB72AF /* CoreMedia.framework in Frameworks */ = {isa = PBXBuildFile; fileRef = 2029C0D41D68CAE800DB72AF /* CoreMedia.framework */; };
		2029C0D71D68CAEC00DB72AF /* CoreGraphics.framework in Frameworks */ = {isa = PBXBuildFile; fileRef = 2029C0D61D68CAEC00DB72AF /* CoreGraphics.framework */; };
		2029C0D91D68CAF400DB72AF /* AVFoundation.framework in Frameworks */ = {isa = PBXBuildFile; fileRef = 2029C0D81D68CAF400DB72AF /* AVFoundation.framework */; };
		2029C0DB1D68CAFB00DB72AF /* AudioToolbox.framework in Frameworks */ = {isa = PBXBuildFile; fileRef = 2029C0DA1D68CAFB00DB72AF /* AudioToolbox.framework */; };
		202F837E1E082008008AC04D /* SyncScheduler.swift in Sources */ = {isa = PBXBuildFile; fileRef = 202F837D1E082008008AC04D /* SyncScheduler.swift */; };
		2033C3101D9BC0A600253F59 /* UIColor+Kairos.swift in Sources */ = {isa = PBXBuildFile; fileRef = 2033C30F1D9BC0A600253F59 /* UIColor+Kairos.swift */; };
		2039A41C1E0408590000900C /* PunchData.swift in Sources */ = {isa = PBXBuildFile; fileRef = 2039A41B1E0408590000900C /* PunchData.swift */; };
		204640EE1D6AE31000F527A8 /* ClockViewController.swift in Sources */ = {isa = PBXBuildFile; fileRef = 204640ED1D6AE31000F527A8 /* ClockViewController.swift */; };
		204C90A71DEEEF3500930678 /* Fabric.framework in Frameworks */ = {isa = PBXBuildFile; fileRef = 204C90A51DEEEF3500930678 /* Fabric.framework */; };
		204C90A81DEEEF3500930678 /* Crashlytics.framework in Frameworks */ = {isa = PBXBuildFile; fileRef = 204C90A61DEEEF3500930678 /* Crashlytics.framework */; };
		205423EF1E326A8D00E05151 /* Reachability.framework in Frameworks */ = {isa = PBXBuildFile; fileRef = 205423DD1E326A8000E05151 /* Reachability.framework */; };
		205423F01E326A8D00E05151 /* Reachability.framework in Embed Frameworks */ = {isa = PBXBuildFile; fileRef = 205423DD1E326A8000E05151 /* Reachability.framework */; settings = {ATTRIBUTES = (CodeSignOnCopy, RemoveHeadersOnCopy, ); }; };
		2054F26E1E0039FC00C747E7 /* Setup.storyboard in Resources */ = {isa = PBXBuildFile; fileRef = 2054F26D1E0039FC00C747E7 /* Setup.storyboard */; };
		2054F2921E003A1A00C747E7 /* SetupViewController.swift in Sources */ = {isa = PBXBuildFile; fileRef = 2054F2911E003A1A00C747E7 /* SetupViewController.swift */; };
		2054F2A21E00438900C747E7 /* Keychain.swift in Sources */ = {isa = PBXBuildFile; fileRef = 2054F2A11E00438900C747E7 /* Keychain.swift */; };
		2054F2A41E0043C700C747E7 /* Security.framework in Frameworks */ = {isa = PBXBuildFile; fileRef = 2054F2A31E0043C700C747E7 /* Security.framework */; };
		205D6B9C1D64DD0D0018A858 /* TimeClockViewController.swift in Sources */ = {isa = PBXBuildFile; fileRef = 205D6B9B1D64DD0D0018A858 /* TimeClockViewController.swift */; };
		206674331DE0AE62008789E8 /* LocationMonitor.swift in Sources */ = {isa = PBXBuildFile; fileRef = 206674321DE0AE62008789E8 /* LocationMonitor.swift */; };
		2066745E1DE0B9A4008789E8 /* WFMAPIError.swift in Sources */ = {isa = PBXBuildFile; fileRef = 2066745D1DE0B9A4008789E8 /* WFMAPIError.swift */; };
		206D178E1D9BB7CD00DD7499 /* EmployeeID.storyboard in Resources */ = {isa = PBXBuildFile; fileRef = 206D178C1D9BB7CD00DD7499 /* EmployeeID.storyboard */; };
		206FA1FA1D61AB5F008B1F94 /* AppDelegate.swift in Sources */ = {isa = PBXBuildFile; fileRef = 206FA1F91D61AB5F008B1F94 /* AppDelegate.swift */; };
		206FA1FC1D61AB5F008B1F94 /* ViewController.swift in Sources */ = {isa = PBXBuildFile; fileRef = 206FA1FB1D61AB5F008B1F94 /* ViewController.swift */; };
		206FA1FF1D61AB5F008B1F94 /* Main.storyboard in Resources */ = {isa = PBXBuildFile; fileRef = 206FA1FD1D61AB5F008B1F94 /* Main.storyboard */; };
		206FA2011D61AB5F008B1F94 /* Assets.xcassets in Resources */ = {isa = PBXBuildFile; fileRef = 206FA2001D61AB5F008B1F94 /* Assets.xcassets */; };
		206FA2041D61AB5F008B1F94 /* LaunchScreen.storyboard in Resources */ = {isa = PBXBuildFile; fileRef = 206FA2021D61AB5F008B1F94 /* LaunchScreen.storyboard */; };
		208012011D7EAA0200DEE7E3 /* EmployeeIDViewController.swift in Sources */ = {isa = PBXBuildFile; fileRef = 208012001D7EAA0200DEE7E3 /* EmployeeIDViewController.swift */; };
		2088538F1DB0C51F00866807 /* ClockOptions.storyboard in Resources */ = {isa = PBXBuildFile; fileRef = 2088538D1DB0C51F00866807 /* ClockOptions.storyboard */; };
		208B39B01D638C38002EE431 /* TimeClockFlowController.swift in Sources */ = {isa = PBXBuildFile; fileRef = 208B39AF1D638C38002EE431 /* TimeClockFlowController.swift */; };
		20A31A781DBB9A8F004C81AC /* CoreDataImporter.swift in Sources */ = {isa = PBXBuildFile; fileRef = 20A31A721DBB9A8F004C81AC /* CoreDataImporter.swift */; };
		20A31A791DBB9A8F004C81AC /* CoreDataStack.swift in Sources */ = {isa = PBXBuildFile; fileRef = 20A31A731DBB9A8F004C81AC /* CoreDataStack.swift */; };
		20A31A7A1DBB9A8F004C81AC /* CoreDataStack+InsertObject.swift in Sources */ = {isa = PBXBuildFile; fileRef = 20A31A741DBB9A8F004C81AC /* CoreDataStack+InsertObject.swift */; };
		20A31A7B1DBB9A8F004C81AC /* DataController.swift in Sources */ = {isa = PBXBuildFile; fileRef = 20A31A751DBB9A8F004C81AC /* DataController.swift */; };
		20A31A7D1DBB9A8F004C81AC /* ManagedObjectType.swift in Sources */ = {isa = PBXBuildFile; fileRef = 20A31A771DBB9A8F004C81AC /* ManagedObjectType.swift */; };
		20A31A9B1DBB9F3A004C81AC /* Employee+CoreDataClass.swift in Sources */ = {isa = PBXBuildFile; fileRef = 20A31A991DBB9F3A004C81AC /* Employee+CoreDataClass.swift */; };
		20A31A9C1DBB9F3A004C81AC /* Employee+CoreDataProperties.swift in Sources */ = {isa = PBXBuildFile; fileRef = 20A31A9A1DBB9F3A004C81AC /* Employee+CoreDataProperties.swift */; };
		20A31AA41DBDF00B004C81AC /* TimeclockTests.swift in Sources */ = {isa = PBXBuildFile; fileRef = 20A31AA31DBDF00B004C81AC /* TimeclockTests.swift */; };
		20A31AAE1DBDF032004C81AC /* CoreDataImporterTests.swift in Sources */ = {isa = PBXBuildFile; fileRef = 20A31AAB1DBDF032004C81AC /* CoreDataImporterTests.swift */; };
		20A31AAF1DBDF032004C81AC /* CoreDataStackTests.swift in Sources */ = {isa = PBXBuildFile; fileRef = 20A31AAC1DBDF032004C81AC /* CoreDataStackTests.swift */; };
		20A31AB61DBDF1CA004C81AC /* Test.xcdatamodeld in Sources */ = {isa = PBXBuildFile; fileRef = 20A31AB21DBDF1CA004C81AC /* Test.xcdatamodeld */; };
		20A31AB71DBDF1CA004C81AC /* TestEntity.swift in Sources */ = {isa = PBXBuildFile; fileRef = 20A31AB41DBDF1CA004C81AC /* TestEntity.swift */; };
		20A31AB81DBDF1CA004C81AC /* TestEntity+CoreDataProperties.swift in Sources */ = {isa = PBXBuildFile; fileRef = 20A31AB51DBDF1CA004C81AC /* TestEntity+CoreDataProperties.swift */; };
		20A79DA31DDC84DD00FE5DBE /* Punch+CoreDataClass.swift in Sources */ = {isa = PBXBuildFile; fileRef = 20A79DA11DDC84DD00FE5DBE /* Punch+CoreDataClass.swift */; };
		20A79DA41DDC84DD00FE5DBE /* Punch+CoreDataProperties.swift in Sources */ = {isa = PBXBuildFile; fileRef = 20A79DA21DDC84DD00FE5DBE /* Punch+CoreDataProperties.swift */; };
		20A86F0C1DEECF6B00A58D66 /* CoreData.framework in Frameworks */ = {isa = PBXBuildFile; fileRef = 20A86F0B1DEECF6B00A58D66 /* CoreData.framework */; };
		20C5DF251D7D585F00E3C47B /* Alamofire.framework in Frameworks */ = {isa = PBXBuildFile; fileRef = 20C5DED41D7D583500E3C47B /* Alamofire.framework */; };
		20C5DF261D7D585F00E3C47B /* Alamofire.framework in Embed Frameworks */ = {isa = PBXBuildFile; fileRef = 20C5DED41D7D583500E3C47B /* Alamofire.framework */; settings = {ATTRIBUTES = (CodeSignOnCopy, RemoveHeadersOnCopy, ); }; };
		20C5DF2A1D7D586300E3C47B /* Moya.framework in Frameworks */ = {isa = PBXBuildFile; fileRef = 20C5DEF31D7D583F00E3C47B /* Moya.framework */; };
		20C5DF2B1D7D586300E3C47B /* Moya.framework in Embed Frameworks */ = {isa = PBXBuildFile; fileRef = 20C5DEF31D7D583F00E3C47B /* Moya.framework */; settings = {ATTRIBUTES = (CodeSignOnCopy, RemoveHeadersOnCopy, ); }; };
		20C5DF2E1D7D586800E3C47B /* Result.framework in Frameworks */ = {isa = PBXBuildFile; fileRef = 20C5DF1A1D7D584C00E3C47B /* Result.framework */; };
		20C5DF2F1D7D586800E3C47B /* Result.framework in Embed Frameworks */ = {isa = PBXBuildFile; fileRef = 20C5DF1A1D7D584C00E3C47B /* Result.framework */; settings = {ATTRIBUTES = (CodeSignOnCopy, RemoveHeadersOnCopy, ); }; };
		20C5DF341D7D58B600E3C47B /* WFMService.swift in Sources */ = {isa = PBXBuildFile; fileRef = 20C5DF331D7D58B600E3C47B /* WFMService.swift */; };
		20C5DF361D7D591500E3C47B /* WFMAPI.swift in Sources */ = {isa = PBXBuildFile; fileRef = 20C5DF351D7D591500E3C47B /* WFMAPI.swift */; };
		20C8C5A31DE4880C00CE4B0A /* Heimdallr.framework in Frameworks */ = {isa = PBXBuildFile; fileRef = 20C8C5841DE487AB00CE4B0A /* Heimdallr.framework */; };
		20C8C5A41DE4880C00CE4B0A /* Heimdallr.framework in Embed Frameworks */ = {isa = PBXBuildFile; fileRef = 20C8C5841DE487AB00CE4B0A /* Heimdallr.framework */; settings = {ATTRIBUTES = (CodeSignOnCopy, RemoveHeadersOnCopy, ); }; };
		20C8C5A81DE48B1600CE4B0A /* HeimdallResourceRequestAuthenticatorForm.swift in Sources */ = {isa = PBXBuildFile; fileRef = 20C8C5A71DE48B1600CE4B0A /* HeimdallResourceRequestAuthenticatorForm.swift */; };
		20C8C5AA1DE48B4A00CE4B0A /* WFMOAuthHTTPClientNSURLSession.swift in Sources */ = {isa = PBXBuildFile; fileRef = 20C8C5A91DE48B4A00CE4B0A /* WFMOAuthHTTPClientNSURLSession.swift */; };
		20CE42A11E02B2F90095B474 /* Configuration.swift in Sources */ = {isa = PBXBuildFile; fileRef = 20CE42A01E02B2F90095B474 /* Configuration.swift */; };
		20CF25D11DF892DF00B053F6 /* JSONable.swift in Sources */ = {isa = PBXBuildFile; fileRef = 20CF25D01DF892DF00B053F6 /* JSONable.swift */; };
		20DC07191DEDAAD000100726 /* WFMOAuthAccessTokenParser.swift in Sources */ = {isa = PBXBuildFile; fileRef = 20DC07181DEDAAD000100726 /* WFMOAuthAccessTokenParser.swift */; };
		20E20BB51DB9367C0017CBA6 /* Model.xcdatamodeld in Sources */ = {isa = PBXBuildFile; fileRef = 20E20BB31DB9367C0017CBA6 /* Model.xcdatamodeld */; };
		20F7B58D1D62FA0000FE1817 /* Keys.plist in Resources */ = {isa = PBXBuildFile; fileRef = 20F7B58C1D62FA0000FE1817 /* Keys.plist */; };
		20F7B5951D62FD3500FE1817 /* IdleViewController.swift in Sources */ = {isa = PBXBuildFile; fileRef = 20F7B5941D62FD3500FE1817 /* IdleViewController.swift */; };
		20F7B5971D62FD5800FE1817 /* CaptureViewController.swift in Sources */ = {isa = PBXBuildFile; fileRef = 20F7B5961D62FD5800FE1817 /* CaptureViewController.swift */; };
		20F7B5991D62FD9700FE1817 /* ClockOptionsViewController.swift in Sources */ = {isa = PBXBuildFile; fileRef = 20F7B5981D62FD9700FE1817 /* ClockOptionsViewController.swift */; };
		20F7B59B1D62FEA600FE1817 /* TimeClockCompositeViewController.swift in Sources */ = {isa = PBXBuildFile; fileRef = 20F7B59A1D62FEA600FE1817 /* TimeClockCompositeViewController.swift */; };
/* End PBXBuildFile section */

/* Begin PBXContainerItemProxy section */
		2019ED7D1D61AD8200912018 /* PBXContainerItemProxy */ = {
			isa = PBXContainerItemProxy;
			containerPortal = 2019ED781D61AD8200912018 /* KairosSDK.xcodeproj */;
			proxyType = 2;
			remoteGlobalIDString = 07AA7D0E18D22DD000C24A69;
			remoteInfo = KairosSDK;
		};
		2019ED7F1D61AD8200912018 /* PBXContainerItemProxy */ = {
			isa = PBXContainerItemProxy;
			containerPortal = 2019ED781D61AD8200912018 /* KairosSDK.xcodeproj */;
			proxyType = 2;
			remoteGlobalIDString = 07AA7D1E18D22DD000C24A69;
			remoteInfo = KairosSDKTests;
		};
		205423DC1E326A8000E05151 /* PBXContainerItemProxy */ = {
			isa = PBXContainerItemProxy;
			containerPortal = 205423B81E326A8000E05151 /* Reachability.xcodeproj */;
			proxyType = 2;
			remoteGlobalIDString = AA7344721BE7678B008AFE69;
			remoteInfo = Reachability;
		};
		205423DE1E326A8000E05151 /* PBXContainerItemProxy */ = {
			isa = PBXContainerItemProxy;
			containerPortal = 205423B81E326A8000E05151 /* Reachability.xcodeproj */;
			proxyType = 2;
			remoteGlobalIDString = 00C54B111C09CD9C001C3F12;
			remoteInfo = ReachabilityMac;
		};
		205423E01E326A8000E05151 /* PBXContainerItemProxy */ = {
			isa = PBXContainerItemProxy;
			containerPortal = 205423B81E326A8000E05151 /* Reachability.xcodeproj */;
			proxyType = 2;
			remoteGlobalIDString = 57A45A2A1C197F4800384AE4;
			remoteInfo = ReachabilityTV;
		};
		205423E21E326A8000E05151 /* PBXContainerItemProxy */ = {
			isa = PBXContainerItemProxy;
			containerPortal = 205423B81E326A8000E05151 /* Reachability.xcodeproj */;
			proxyType = 2;
			remoteGlobalIDString = AA7344901BE76820008AFE69;
			remoteInfo = ReachabilitySample;
		};
		205423E41E326A8000E05151 /* PBXContainerItemProxy */ = {
			isa = PBXContainerItemProxy;
			containerPortal = 205423B81E326A8000E05151 /* Reachability.xcodeproj */;
			proxyType = 2;
			remoteGlobalIDString = 00C54B1F1C09CF67001C3F12;
			remoteInfo = ReachabilityMacSample;
		};
		205423E61E326A8000E05151 /* PBXContainerItemProxy */ = {
			isa = PBXContainerItemProxy;
			containerPortal = 205423B81E326A8000E05151 /* Reachability.xcodeproj */;
			proxyType = 2;
			remoteGlobalIDString = 57A45A011C197BE800384AE4;
			remoteInfo = ReachabilityAppleTVSample;
		};
		205423F11E326A8D00E05151 /* PBXContainerItemProxy */ = {
			isa = PBXContainerItemProxy;
			containerPortal = 205423B81E326A8000E05151 /* Reachability.xcodeproj */;
			proxyType = 1;
			remoteGlobalIDString = AA7344711BE7678B008AFE69;
			remoteInfo = Reachability;
		};
		20A31AA61DBDF00B004C81AC /* PBXContainerItemProxy */ = {
			isa = PBXContainerItemProxy;
			containerPortal = 206FA1EE1D61AB5F008B1F94 /* Project object */;
			proxyType = 1;
			remoteGlobalIDString = 206FA1F51D61AB5F008B1F94;
			remoteInfo = Timeclock;
		};
		20C5DED31D7D583500E3C47B /* PBXContainerItemProxy */ = {
			isa = PBXContainerItemProxy;
			containerPortal = 20C5DEC81D7D583500E3C47B /* Alamofire.xcodeproj */;
			proxyType = 2;
			remoteGlobalIDString = F8111E3319A95C8B0040E7D1;
			remoteInfo = "Alamofire iOS";
		};
		20C5DED51D7D583500E3C47B /* PBXContainerItemProxy */ = {
			isa = PBXContainerItemProxy;
			containerPortal = 20C5DEC81D7D583500E3C47B /* Alamofire.xcodeproj */;
			proxyType = 2;
			remoteGlobalIDString = F8111E3E19A95C8B0040E7D1;
			remoteInfo = "Alamofire iOS Tests";
		};
		20C5DED71D7D583500E3C47B /* PBXContainerItemProxy */ = {
			isa = PBXContainerItemProxy;
			containerPortal = 20C5DEC81D7D583500E3C47B /* Alamofire.xcodeproj */;
			proxyType = 2;
			remoteGlobalIDString = 4DD67C0B1A5C55C900ED2280;
			remoteInfo = "Alamofire OSX";
		};
		20C5DED91D7D583500E3C47B /* PBXContainerItemProxy */ = {
			isa = PBXContainerItemProxy;
			containerPortal = 20C5DEC81D7D583500E3C47B /* Alamofire.xcodeproj */;
			proxyType = 2;
			remoteGlobalIDString = F829C6B21A7A94F100A2CD59;
			remoteInfo = "Alamofire OSX Tests";
		};
		20C5DEDB1D7D583500E3C47B /* PBXContainerItemProxy */ = {
			isa = PBXContainerItemProxy;
			containerPortal = 20C5DEC81D7D583500E3C47B /* Alamofire.xcodeproj */;
			proxyType = 2;
			remoteGlobalIDString = 4CF626EF1BA7CB3E0011A099;
			remoteInfo = "Alamofire tvOS";
		};
		20C5DEDD1D7D583500E3C47B /* PBXContainerItemProxy */ = {
			isa = PBXContainerItemProxy;
			containerPortal = 20C5DEC81D7D583500E3C47B /* Alamofire.xcodeproj */;
			proxyType = 2;
			remoteGlobalIDString = 4CF626F81BA7CB3E0011A099;
			remoteInfo = "Alamofire tvOS Tests";
		};
		20C5DEDF1D7D583500E3C47B /* PBXContainerItemProxy */ = {
			isa = PBXContainerItemProxy;
			containerPortal = 20C5DEC81D7D583500E3C47B /* Alamofire.xcodeproj */;
			proxyType = 2;
			remoteGlobalIDString = E4202FE01B667AA100C997FB;
			remoteInfo = "Alamofire watchOS";
		};
		20C5DEF21D7D583F00E3C47B /* PBXContainerItemProxy */ = {
			isa = PBXContainerItemProxy;
			containerPortal = 20C5DEE31D7D583F00E3C47B /* Moya.xcodeproj */;
			proxyType = 2;
			remoteGlobalIDString = 091F0D341BDE998F009D0A49;
			remoteInfo = "Moya iOS";
		};
		20C5DEF41D7D583F00E3C47B /* PBXContainerItemProxy */ = {
			isa = PBXContainerItemProxy;
			containerPortal = 20C5DEE31D7D583F00E3C47B /* Moya.xcodeproj */;
			proxyType = 2;
			remoteGlobalIDString = 091F0D441BDE9A01009D0A49;
			remoteInfo = "ReactiveMoya iOS";
		};
		20C5DEF61D7D583F00E3C47B /* PBXContainerItemProxy */ = {
			isa = PBXContainerItemProxy;
			containerPortal = 20C5DEE31D7D583F00E3C47B /* Moya.xcodeproj */;
			proxyType = 2;
			remoteGlobalIDString = 091F0D831BDE9D4D009D0A49;
			remoteInfo = "RxMoya iOS";
		};
		20C5DEF81D7D583F00E3C47B /* PBXContainerItemProxy */ = {
			isa = PBXContainerItemProxy;
			containerPortal = 20C5DEE31D7D583F00E3C47B /* Moya.xcodeproj */;
			proxyType = 2;
			remoteGlobalIDString = 0630A3181BE1C84500AD4789;
			remoteInfo = "Moya OSX";
		};
		20C5DEFA1D7D583F00E3C47B /* PBXContainerItemProxy */ = {
			isa = PBXContainerItemProxy;
			containerPortal = 20C5DEE31D7D583F00E3C47B /* Moya.xcodeproj */;
			proxyType = 2;
			remoteGlobalIDString = 0630A3291BE1C85000AD4789;
			remoteInfo = "ReactiveMoya OSX";
		};
		20C5DEFC1D7D583F00E3C47B /* PBXContainerItemProxy */ = {
			isa = PBXContainerItemProxy;
			containerPortal = 20C5DEE31D7D583F00E3C47B /* Moya.xcodeproj */;
			proxyType = 2;
			remoteGlobalIDString = 0630A3341BE1C85B00AD4789;
			remoteInfo = "RxMoya OSX";
		};
		20C5DEFE1D7D583F00E3C47B /* PBXContainerItemProxy */ = {
			isa = PBXContainerItemProxy;
			containerPortal = 20C5DEE31D7D583F00E3C47B /* Moya.xcodeproj */;
			proxyType = 2;
			remoteGlobalIDString = 554B0FB91BE7ED4D00F3D266;
			remoteInfo = "Moya tvOS";
		};
		20C5DF001D7D583F00E3C47B /* PBXContainerItemProxy */ = {
			isa = PBXContainerItemProxy;
			containerPortal = 20C5DEE31D7D583F00E3C47B /* Moya.xcodeproj */;
			proxyType = 2;
			remoteGlobalIDString = 554B0FC91BE7ED7C00F3D266;
			remoteInfo = "ReactiveMoya tvOS";
		};
		20C5DF021D7D583F00E3C47B /* PBXContainerItemProxy */ = {
			isa = PBXContainerItemProxy;
			containerPortal = 20C5DEE31D7D583F00E3C47B /* Moya.xcodeproj */;
			proxyType = 2;
			remoteGlobalIDString = 554B0FD31BE7ED8700F3D266;
			remoteInfo = "RxMoya tvOS";
		};
		20C5DF041D7D583F00E3C47B /* PBXContainerItemProxy */ = {
			isa = PBXContainerItemProxy;
			containerPortal = 20C5DEE31D7D583F00E3C47B /* Moya.xcodeproj */;
			proxyType = 2;
			remoteGlobalIDString = 554B10171BE7F11700F3D266;
			remoteInfo = "Moya watchOS";
		};
		20C5DF061D7D583F00E3C47B /* PBXContainerItemProxy */ = {
			isa = PBXContainerItemProxy;
			containerPortal = 20C5DEE31D7D583F00E3C47B /* Moya.xcodeproj */;
			proxyType = 2;
			remoteGlobalIDString = 554B10271BE7F13600F3D266;
			remoteInfo = "ReactiveMoya watchOS";
		};
		20C5DF081D7D583F00E3C47B /* PBXContainerItemProxy */ = {
			isa = PBXContainerItemProxy;
			containerPortal = 20C5DEE31D7D583F00E3C47B /* Moya.xcodeproj */;
			proxyType = 2;
			remoteGlobalIDString = 554B10301BE7F14300F3D266;
			remoteInfo = "RxMoya watchOS";
		};
		20C5DF151D7D584C00E3C47B /* PBXContainerItemProxy */ = {
			isa = PBXContainerItemProxy;
			containerPortal = 20C5DF0A1D7D584B00E3C47B /* Result.xcodeproj */;
			proxyType = 2;
			remoteGlobalIDString = D45480571A9572F5009D7229;
			remoteInfo = "Result-Mac";
		};
		20C5DF171D7D584C00E3C47B /* PBXContainerItemProxy */ = {
			isa = PBXContainerItemProxy;
			containerPortal = 20C5DF0A1D7D584B00E3C47B /* Result.xcodeproj */;
			proxyType = 2;
			remoteGlobalIDString = D45480671A9572F5009D7229;
			remoteInfo = "Result-MacTests";
		};
		20C5DF191D7D584C00E3C47B /* PBXContainerItemProxy */ = {
			isa = PBXContainerItemProxy;
			containerPortal = 20C5DF0A1D7D584B00E3C47B /* Result.xcodeproj */;
			proxyType = 2;
			remoteGlobalIDString = D454807D1A957361009D7229;
			remoteInfo = "Result-iOS";
		};
		20C5DF1B1D7D584C00E3C47B /* PBXContainerItemProxy */ = {
			isa = PBXContainerItemProxy;
			containerPortal = 20C5DF0A1D7D584B00E3C47B /* Result.xcodeproj */;
			proxyType = 2;
			remoteGlobalIDString = D45480871A957362009D7229;
			remoteInfo = "Result-iOSTests";
		};
		20C5DF1D1D7D584C00E3C47B /* PBXContainerItemProxy */ = {
			isa = PBXContainerItemProxy;
			containerPortal = 20C5DF0A1D7D584B00E3C47B /* Result.xcodeproj */;
			proxyType = 2;
			remoteGlobalIDString = 57FCDE471BA280DC00130C48;
			remoteInfo = "Result-tvOS";
		};
		20C5DF1F1D7D584C00E3C47B /* PBXContainerItemProxy */ = {
			isa = PBXContainerItemProxy;
			containerPortal = 20C5DF0A1D7D584B00E3C47B /* Result.xcodeproj */;
			proxyType = 2;
			remoteGlobalIDString = 57FCDE541BA280E000130C48;
			remoteInfo = "Result-tvOSTests";
		};
		20C5DF211D7D584C00E3C47B /* PBXContainerItemProxy */ = {
			isa = PBXContainerItemProxy;
			containerPortal = 20C5DF0A1D7D584B00E3C47B /* Result.xcodeproj */;
			proxyType = 2;
			remoteGlobalIDString = D03579A31B2B788F005D26AE;
			remoteInfo = "Result-watchOS";
		};
		20C5DF231D7D584C00E3C47B /* PBXContainerItemProxy */ = {
			isa = PBXContainerItemProxy;
			containerPortal = 20C5DF0A1D7D584B00E3C47B /* Result.xcodeproj */;
			proxyType = 2;
			remoteGlobalIDString = D03579B01B2B78A1005D26AE;
			remoteInfo = "Result-watchOSTests";
		};
		20C5DF271D7D585F00E3C47B /* PBXContainerItemProxy */ = {
			isa = PBXContainerItemProxy;
			containerPortal = 20C5DEC81D7D583500E3C47B /* Alamofire.xcodeproj */;
			proxyType = 1;
			remoteGlobalIDString = F8111E3219A95C8B0040E7D1;
			remoteInfo = "Alamofire iOS";
		};
		20C5DF2C1D7D586300E3C47B /* PBXContainerItemProxy */ = {
			isa = PBXContainerItemProxy;
			containerPortal = 20C5DEE31D7D583F00E3C47B /* Moya.xcodeproj */;
			proxyType = 1;
			remoteGlobalIDString = 091F0D331BDE998F009D0A49;
			remoteInfo = "Moya iOS";
		};
		20C5DF301D7D586900E3C47B /* PBXContainerItemProxy */ = {
			isa = PBXContainerItemProxy;
			containerPortal = 20C5DF0A1D7D584B00E3C47B /* Result.xcodeproj */;
			proxyType = 1;
			remoteGlobalIDString = D454807C1A957361009D7229;
			remoteInfo = "Result-iOS";
		};
		20C8C57F1DE487AB00CE4B0A /* PBXContainerItemProxy */ = {
			isa = PBXContainerItemProxy;
			containerPortal = 20C8C56D1DE487AB00CE4B0A /* Heimdallr.xcodeproj */;
			proxyType = 2;
			remoteGlobalIDString = DC582F431BE1319F0017BE06;
			remoteInfo = "Heimdallr-macOS";
		};
		20C8C5811DE487AB00CE4B0A /* PBXContainerItemProxy */ = {
			isa = PBXContainerItemProxy;
			containerPortal = 20C8C56D1DE487AB00CE4B0A /* Heimdallr.xcodeproj */;
			proxyType = 2;
			remoteGlobalIDString = DC582F4C1BE1319F0017BE06;
			remoteInfo = "Heimdallr-macOSTests";
		};
		20C8C5831DE487AB00CE4B0A /* PBXContainerItemProxy */ = {
			isa = PBXContainerItemProxy;
			containerPortal = 20C8C56D1DE487AB00CE4B0A /* Heimdallr.xcodeproj */;
			proxyType = 2;
			remoteGlobalIDString = DC545DC21A89F0F10051A575;
			remoteInfo = "Heimdallr-iOS";
		};
		20C8C5851DE487AB00CE4B0A /* PBXContainerItemProxy */ = {
			isa = PBXContainerItemProxy;
			containerPortal = 20C8C56D1DE487AB00CE4B0A /* Heimdallr.xcodeproj */;
			proxyType = 2;
			remoteGlobalIDString = DC545DCD1A89F0F10051A575;
			remoteInfo = "Heimdallr-iOSTests";
		};
		20C8C5871DE487AB00CE4B0A /* PBXContainerItemProxy */ = {
			isa = PBXContainerItemProxy;
			containerPortal = 20C8C56D1DE487AB00CE4B0A /* Heimdallr.xcodeproj */;
			proxyType = 2;
			remoteGlobalIDString = DC582FF51BE148610017BE06;
			remoteInfo = "ReactiveHeimdallr-macOS";
		};
		20C8C5891DE487AB00CE4B0A /* PBXContainerItemProxy */ = {
			isa = PBXContainerItemProxy;
			containerPortal = 20C8C56D1DE487AB00CE4B0A /* Heimdallr.xcodeproj */;
			proxyType = 2;
			remoteGlobalIDString = DC582FFE1BE148610017BE06;
			remoteInfo = "ReactiveHeimdallr-macOSTests";
		};
		20C8C58B1DE487AB00CE4B0A /* PBXContainerItemProxy */ = {
			isa = PBXContainerItemProxy;
			containerPortal = 20C8C56D1DE487AB00CE4B0A /* Heimdallr.xcodeproj */;
			proxyType = 2;
			remoteGlobalIDString = DC582FC01BE13EB20017BE06;
			remoteInfo = "ReactiveHeimdallr-iOS";
		};
		20C8C58D1DE487AB00CE4B0A /* PBXContainerItemProxy */ = {
			isa = PBXContainerItemProxy;
			containerPortal = 20C8C56D1DE487AB00CE4B0A /* Heimdallr.xcodeproj */;
			proxyType = 2;
			remoteGlobalIDString = DC582FC91BE13EB30017BE06;
			remoteInfo = "ReactiveHeimdallr-iOSTests";
		};
		20C8C5A51DE4880C00CE4B0A /* PBXContainerItemProxy */ = {
			isa = PBXContainerItemProxy;
			containerPortal = 20C8C56D1DE487AB00CE4B0A /* Heimdallr.xcodeproj */;
			proxyType = 1;
			remoteGlobalIDString = DC545DC11A89F0F10051A575;
			remoteInfo = "Heimdallr-iOS";
		};
/* End PBXContainerItemProxy section */

/* Begin PBXCopyFilesBuildPhase section */
		20C5DF291D7D585F00E3C47B /* Embed Frameworks */ = {
			isa = PBXCopyFilesBuildPhase;
			buildActionMask = 2147483647;
			dstPath = "";
			dstSubfolderSpec = 10;
			files = (
				20C5DF2F1D7D586800E3C47B /* Result.framework in Embed Frameworks */,
				20C8C5A41DE4880C00CE4B0A /* Heimdallr.framework in Embed Frameworks */,
				205423F01E326A8D00E05151 /* Reachability.framework in Embed Frameworks */,
				20C5DF2B1D7D586300E3C47B /* Moya.framework in Embed Frameworks */,
				20C5DF261D7D585F00E3C47B /* Alamofire.framework in Embed Frameworks */,
			);
			name = "Embed Frameworks";
			runOnlyForDeploymentPostprocessing = 0;
		};
/* End PBXCopyFilesBuildPhase section */

/* Begin PBXFileReference section */
		200F86071E01A54C00050731 /* Settings.bundle */ = {isa = PBXFileReference; lastKnownFileType = "wrapper.plug-in"; path = Settings.bundle; sourceTree = "<group>"; };
		2019ED781D61AD8200912018 /* KairosSDK.xcodeproj */ = {isa = PBXFileReference; lastKnownFileType = "wrapper.pb-project"; name = KairosSDK.xcodeproj; path = "Carthage/Checkouts/Kairos-SDK-iOS/KairosSDKSrc/KairosSDK/KairosSDK.xcodeproj"; sourceTree = "<group>"; };
		2019ED821D61AE2900912018 /* Timeclock-Bridging-Header.h */ = {isa = PBXFileReference; lastKnownFileType = sourcecode.c.h; path = "Timeclock-Bridging-Header.h"; sourceTree = "<group>"; };
		202686A61DEDEDFE00881B1B /* Timeclock.entitlements */ = {isa = PBXFileReference; lastKnownFileType = text.plist.entitlements; path = Timeclock.entitlements; sourceTree = "<group>"; };
		2029C0CE1D68CAD700DB72AF /* UIKit.framework */ = {isa = PBXFileReference; lastKnownFileType = wrapper.framework; name = UIKit.framework; path = System/Library/Frameworks/UIKit.framework; sourceTree = SDKROOT; };
		2029C0D01D68CADD00DB72AF /* Foundation.framework */ = {isa = PBXFileReference; lastKnownFileType = wrapper.framework; name = Foundation.framework; path = System/Library/Frameworks/Foundation.framework; sourceTree = SDKROOT; };
		2029C0D21D68CAE200DB72AF /* CoreImage.framework */ = {isa = PBXFileReference; lastKnownFileType = wrapper.framework; name = CoreImage.framework; path = System/Library/Frameworks/CoreImage.framework; sourceTree = SDKROOT; };
		2029C0D41D68CAE800DB72AF /* CoreMedia.framework */ = {isa = PBXFileReference; lastKnownFileType = wrapper.framework; name = CoreMedia.framework; path = System/Library/Frameworks/CoreMedia.framework; sourceTree = SDKROOT; };
		2029C0D61D68CAEC00DB72AF /* CoreGraphics.framework */ = {isa = PBXFileReference; lastKnownFileType = wrapper.framework; name = CoreGraphics.framework; path = System/Library/Frameworks/CoreGraphics.framework; sourceTree = SDKROOT; };
		2029C0D81D68CAF400DB72AF /* AVFoundation.framework */ = {isa = PBXFileReference; lastKnownFileType = wrapper.framework; name = AVFoundation.framework; path = System/Library/Frameworks/AVFoundation.framework; sourceTree = SDKROOT; };
		2029C0DA1D68CAFB00DB72AF /* AudioToolbox.framework */ = {isa = PBXFileReference; lastKnownFileType = wrapper.framework; name = AudioToolbox.framework; path = System/Library/Frameworks/AudioToolbox.framework; sourceTree = SDKROOT; };
		202F837D1E082008008AC04D /* SyncScheduler.swift */ = {isa = PBXFileReference; fileEncoding = 4; lastKnownFileType = sourcecode.swift; path = SyncScheduler.swift; sourceTree = "<group>"; };
		2033C30F1D9BC0A600253F59 /* UIColor+Kairos.swift */ = {isa = PBXFileReference; fileEncoding = 4; lastKnownFileType = sourcecode.swift; path = "UIColor+Kairos.swift"; sourceTree = "<group>"; };
		2039A41B1E0408590000900C /* PunchData.swift */ = {isa = PBXFileReference; fileEncoding = 4; lastKnownFileType = sourcecode.swift; path = PunchData.swift; sourceTree = "<group>"; };
		204640ED1D6AE31000F527A8 /* ClockViewController.swift */ = {isa = PBXFileReference; fileEncoding = 4; lastKnownFileType = sourcecode.swift; path = ClockViewController.swift; sourceTree = "<group>"; };
		204C90A51DEEEF3500930678 /* Fabric.framework */ = {isa = PBXFileReference; lastKnownFileType = wrapper.framework; path = Fabric.framework; sourceTree = "<group>"; };
		204C90A61DEEEF3500930678 /* Crashlytics.framework */ = {isa = PBXFileReference; lastKnownFileType = wrapper.framework; path = Crashlytics.framework; sourceTree = "<group>"; };
		205423B81E326A8000E05151 /* Reachability.xcodeproj */ = {isa = PBXFileReference; lastKnownFileType = "wrapper.pb-project"; name = Reachability.xcodeproj; path = Carthage/Checkouts/Reachability.swift/Reachability.xcodeproj; sourceTree = "<group>"; };
		2054F26D1E0039FC00C747E7 /* Setup.storyboard */ = {isa = PBXFileReference; fileEncoding = 4; lastKnownFileType = file.storyboard; path = Setup.storyboard; sourceTree = "<group>"; };
		2054F2911E003A1A00C747E7 /* SetupViewController.swift */ = {isa = PBXFileReference; fileEncoding = 4; lastKnownFileType = sourcecode.swift; path = SetupViewController.swift; sourceTree = "<group>"; };
		2054F2A11E00438900C747E7 /* Keychain.swift */ = {isa = PBXFileReference; fileEncoding = 4; lastKnownFileType = sourcecode.swift; path = Keychain.swift; sourceTree = "<group>"; };
		2054F2A31E0043C700C747E7 /* Security.framework */ = {isa = PBXFileReference; lastKnownFileType = wrapper.framework; name = Security.framework; path = System/Library/Frameworks/Security.framework; sourceTree = SDKROOT; };
		205D6B9B1D64DD0D0018A858 /* TimeClockViewController.swift */ = {isa = PBXFileReference; fileEncoding = 4; lastKnownFileType = sourcecode.swift; path = TimeClockViewController.swift; sourceTree = "<group>"; };
		206674321DE0AE62008789E8 /* LocationMonitor.swift */ = {isa = PBXFileReference; fileEncoding = 4; lastKnownFileType = sourcecode.swift; path = LocationMonitor.swift; sourceTree = "<group>"; };
		2066745D1DE0B9A4008789E8 /* WFMAPIError.swift */ = {isa = PBXFileReference; fileEncoding = 4; lastKnownFileType = sourcecode.swift; path = WFMAPIError.swift; sourceTree = "<group>"; };
		206D178D1D9BB7CD00DD7499 /* Base */ = {isa = PBXFileReference; lastKnownFileType = file.storyboard; name = Base; path = Base.lproj/EmployeeID.storyboard; sourceTree = "<group>"; };
		206FA1F61D61AB5F008B1F94 /* Timeclock.app */ = {isa = PBXFileReference; explicitFileType = wrapper.application; includeInIndex = 0; path = Timeclock.app; sourceTree = BUILT_PRODUCTS_DIR; };
		206FA1F91D61AB5F008B1F94 /* AppDelegate.swift */ = {isa = PBXFileReference; lastKnownFileType = sourcecode.swift; path = AppDelegate.swift; sourceTree = "<group>"; };
		206FA1FB1D61AB5F008B1F94 /* ViewController.swift */ = {isa = PBXFileReference; lastKnownFileType = sourcecode.swift; path = ViewController.swift; sourceTree = "<group>"; };
		206FA1FE1D61AB5F008B1F94 /* Base */ = {isa = PBXFileReference; lastKnownFileType = file.storyboard; name = Base; path = Base.lproj/Main.storyboard; sourceTree = "<group>"; };
		206FA2001D61AB5F008B1F94 /* Assets.xcassets */ = {isa = PBXFileReference; lastKnownFileType = folder.assetcatalog; path = Assets.xcassets; sourceTree = "<group>"; };
		206FA2031D61AB5F008B1F94 /* Base */ = {isa = PBXFileReference; lastKnownFileType = file.storyboard; name = Base; path = Base.lproj/LaunchScreen.storyboard; sourceTree = "<group>"; };
		206FA2051D61AB5F008B1F94 /* Info.plist */ = {isa = PBXFileReference; lastKnownFileType = text.plist.xml; path = Info.plist; sourceTree = "<group>"; };
		208012001D7EAA0200DEE7E3 /* EmployeeIDViewController.swift */ = {isa = PBXFileReference; fileEncoding = 4; lastKnownFileType = sourcecode.swift; path = EmployeeIDViewController.swift; sourceTree = "<group>"; };
		2088538E1DB0C51F00866807 /* Base */ = {isa = PBXFileReference; lastKnownFileType = file.storyboard; name = Base; path = Base.lproj/ClockOptions.storyboard; sourceTree = "<group>"; };
		208B39AF1D638C38002EE431 /* TimeClockFlowController.swift */ = {isa = PBXFileReference; fileEncoding = 4; lastKnownFileType = sourcecode.swift; path = TimeClockFlowController.swift; sourceTree = "<group>"; };
		20A31A721DBB9A8F004C81AC /* CoreDataImporter.swift */ = {isa = PBXFileReference; fileEncoding = 4; lastKnownFileType = sourcecode.swift; path = CoreDataImporter.swift; sourceTree = "<group>"; };
		20A31A731DBB9A8F004C81AC /* CoreDataStack.swift */ = {isa = PBXFileReference; fileEncoding = 4; lastKnownFileType = sourcecode.swift; path = CoreDataStack.swift; sourceTree = "<group>"; };
		20A31A741DBB9A8F004C81AC /* CoreDataStack+InsertObject.swift */ = {isa = PBXFileReference; fileEncoding = 4; lastKnownFileType = sourcecode.swift; path = "CoreDataStack+InsertObject.swift"; sourceTree = "<group>"; };
		20A31A751DBB9A8F004C81AC /* DataController.swift */ = {isa = PBXFileReference; fileEncoding = 4; lastKnownFileType = sourcecode.swift; path = DataController.swift; sourceTree = "<group>"; };
		20A31A771DBB9A8F004C81AC /* ManagedObjectType.swift */ = {isa = PBXFileReference; fileEncoding = 4; lastKnownFileType = sourcecode.swift; path = ManagedObjectType.swift; sourceTree = "<group>"; };
		20A31A991DBB9F3A004C81AC /* Employee+CoreDataClass.swift */ = {isa = PBXFileReference; fileEncoding = 4; lastKnownFileType = sourcecode.swift; name = "Employee+CoreDataClass.swift"; path = "../Employee+CoreDataClass.swift"; sourceTree = "<group>"; };
		20A31A9A1DBB9F3A004C81AC /* Employee+CoreDataProperties.swift */ = {isa = PBXFileReference; fileEncoding = 4; lastKnownFileType = sourcecode.swift; name = "Employee+CoreDataProperties.swift"; path = "../Employee+CoreDataProperties.swift"; sourceTree = "<group>"; };
		20A31AA11DBDF00A004C81AC /* TimeclockTests.xctest */ = {isa = PBXFileReference; explicitFileType = wrapper.cfbundle; includeInIndex = 0; path = TimeclockTests.xctest; sourceTree = BUILT_PRODUCTS_DIR; };
		20A31AA31DBDF00B004C81AC /* TimeclockTests.swift */ = {isa = PBXFileReference; lastKnownFileType = sourcecode.swift; path = TimeclockTests.swift; sourceTree = "<group>"; };
		20A31AA51DBDF00B004C81AC /* Info.plist */ = {isa = PBXFileReference; lastKnownFileType = text.plist.xml; path = Info.plist; sourceTree = "<group>"; };
		20A31AAB1DBDF032004C81AC /* CoreDataImporterTests.swift */ = {isa = PBXFileReference; fileEncoding = 4; lastKnownFileType = sourcecode.swift; path = CoreDataImporterTests.swift; sourceTree = "<group>"; };
		20A31AAC1DBDF032004C81AC /* CoreDataStackTests.swift */ = {isa = PBXFileReference; fileEncoding = 4; lastKnownFileType = sourcecode.swift; path = CoreDataStackTests.swift; sourceTree = "<group>"; };
		20A31AB31DBDF1CA004C81AC /* Test.xcdatamodel */ = {isa = PBXFileReference; lastKnownFileType = wrapper.xcdatamodel; path = Test.xcdatamodel; sourceTree = "<group>"; };
		20A31AB41DBDF1CA004C81AC /* TestEntity.swift */ = {isa = PBXFileReference; fileEncoding = 4; lastKnownFileType = sourcecode.swift; path = TestEntity.swift; sourceTree = "<group>"; };
		20A31AB51DBDF1CA004C81AC /* TestEntity+CoreDataProperties.swift */ = {isa = PBXFileReference; fileEncoding = 4; lastKnownFileType = sourcecode.swift; path = "TestEntity+CoreDataProperties.swift"; sourceTree = "<group>"; };
		20A79DA11DDC84DD00FE5DBE /* Punch+CoreDataClass.swift */ = {isa = PBXFileReference; fileEncoding = 4; lastKnownFileType = sourcecode.swift; name = "Punch+CoreDataClass.swift"; path = "../Punch+CoreDataClass.swift"; sourceTree = "<group>"; };
		20A79DA21DDC84DD00FE5DBE /* Punch+CoreDataProperties.swift */ = {isa = PBXFileReference; fileEncoding = 4; lastKnownFileType = sourcecode.swift; name = "Punch+CoreDataProperties.swift"; path = "../Punch+CoreDataProperties.swift"; sourceTree = "<group>"; };
		20A86F0B1DEECF6B00A58D66 /* CoreData.framework */ = {isa = PBXFileReference; lastKnownFileType = wrapper.framework; name = CoreData.framework; path = System/Library/Frameworks/CoreData.framework; sourceTree = SDKROOT; };
		20C5DEC81D7D583500E3C47B /* Alamofire.xcodeproj */ = {isa = PBXFileReference; lastKnownFileType = "wrapper.pb-project"; name = Alamofire.xcodeproj; path = Carthage/Checkouts/Alamofire/Alamofire.xcodeproj; sourceTree = "<group>"; };
		20C5DEE31D7D583F00E3C47B /* Moya.xcodeproj */ = {isa = PBXFileReference; lastKnownFileType = "wrapper.pb-project"; name = Moya.xcodeproj; path = Carthage/Checkouts/Moya/Moya.xcodeproj; sourceTree = "<group>"; };
		20C5DF0A1D7D584B00E3C47B /* Result.xcodeproj */ = {isa = PBXFileReference; lastKnownFileType = "wrapper.pb-project"; name = Result.xcodeproj; path = Carthage/Checkouts/Result/Result.xcodeproj; sourceTree = "<group>"; };
		20C5DF331D7D58B600E3C47B /* WFMService.swift */ = {isa = PBXFileReference; fileEncoding = 4; lastKnownFileType = sourcecode.swift; path = WFMService.swift; sourceTree = "<group>"; };
		20C5DF351D7D591500E3C47B /* WFMAPI.swift */ = {isa = PBXFileReference; fileEncoding = 4; lastKnownFileType = sourcecode.swift; path = WFMAPI.swift; sourceTree = "<group>"; };
		20C8C56D1DE487AB00CE4B0A /* Heimdallr.xcodeproj */ = {isa = PBXFileReference; lastKnownFileType = "wrapper.pb-project"; name = Heimdallr.xcodeproj; path = Carthage/Checkouts/Heimdallr.swift/Heimdallr.xcodeproj; sourceTree = "<group>"; };
		20C8C5A71DE48B1600CE4B0A /* HeimdallResourceRequestAuthenticatorForm.swift */ = {isa = PBXFileReference; fileEncoding = 4; lastKnownFileType = sourcecode.swift; path = HeimdallResourceRequestAuthenticatorForm.swift; sourceTree = "<group>"; };
		20C8C5A91DE48B4A00CE4B0A /* WFMOAuthHTTPClientNSURLSession.swift */ = {isa = PBXFileReference; fileEncoding = 4; lastKnownFileType = sourcecode.swift; path = WFMOAuthHTTPClientNSURLSession.swift; sourceTree = "<group>"; };
		20CE42A01E02B2F90095B474 /* Configuration.swift */ = {isa = PBXFileReference; fileEncoding = 4; lastKnownFileType = sourcecode.swift; path = Configuration.swift; sourceTree = "<group>"; };
		20CF25D01DF892DF00B053F6 /* JSONable.swift */ = {isa = PBXFileReference; fileEncoding = 4; lastKnownFileType = sourcecode.swift; path = JSONable.swift; sourceTree = "<group>"; };
		20DC07181DEDAAD000100726 /* WFMOAuthAccessTokenParser.swift */ = {isa = PBXFileReference; fileEncoding = 4; lastKnownFileType = sourcecode.swift; path = WFMOAuthAccessTokenParser.swift; sourceTree = "<group>"; };
		20E20BB41DB9367C0017CBA6 /* Model.xcdatamodel */ = {isa = PBXFileReference; lastKnownFileType = wrapper.xcdatamodel; path = Model.xcdatamodel; sourceTree = "<group>"; };
		20F7B58C1D62FA0000FE1817 /* Keys.plist */ = {isa = PBXFileReference; fileEncoding = 4; lastKnownFileType = text.plist.xml; path = Keys.plist; sourceTree = "<group>"; };
		20F7B5941D62FD3500FE1817 /* IdleViewController.swift */ = {isa = PBXFileReference; fileEncoding = 4; lastKnownFileType = sourcecode.swift; path = IdleViewController.swift; sourceTree = "<group>"; };
		20F7B5961D62FD5800FE1817 /* CaptureViewController.swift */ = {isa = PBXFileReference; fileEncoding = 4; lastKnownFileType = sourcecode.swift; path = CaptureViewController.swift; sourceTree = "<group>"; };
		20F7B5981D62FD9700FE1817 /* ClockOptionsViewController.swift */ = {isa = PBXFileReference; fileEncoding = 4; lastKnownFileType = sourcecode.swift; path = ClockOptionsViewController.swift; sourceTree = "<group>"; };
		20F7B59A1D62FEA600FE1817 /* TimeClockCompositeViewController.swift */ = {isa = PBXFileReference; fileEncoding = 4; lastKnownFileType = sourcecode.swift; path = TimeClockCompositeViewController.swift; sourceTree = "<group>"; };
/* End PBXFileReference section */

/* Begin PBXFrameworksBuildPhase section */
		206FA1F31D61AB5F008B1F94 /* Frameworks */ = {
			isa = PBXFrameworksBuildPhase;
			buildActionMask = 2147483647;
			files = (
				2054F2A41E0043C700C747E7 /* Security.framework in Frameworks */,
				20A86F0C1DEECF6B00A58D66 /* CoreData.framework in Frameworks */,
				204C90A81DEEEF3500930678 /* Crashlytics.framework in Frameworks */,
				2029C0DB1D68CAFB00DB72AF /* AudioToolbox.framework in Frameworks */,
				20C8C5A31DE4880C00CE4B0A /* Heimdallr.framework in Frameworks */,
				20C5DF2E1D7D586800E3C47B /* Result.framework in Frameworks */,
				20C5DF251D7D585F00E3C47B /* Alamofire.framework in Frameworks */,
				2029C0D91D68CAF400DB72AF /* AVFoundation.framework in Frameworks */,
				2029C0D71D68CAEC00DB72AF /* CoreGraphics.framework in Frameworks */,
				204C90A71DEEEF3500930678 /* Fabric.framework in Frameworks */,
				2029C0D51D68CAE800DB72AF /* CoreMedia.framework in Frameworks */,
				205423EF1E326A8D00E05151 /* Reachability.framework in Frameworks */,
				2029C0D31D68CAE200DB72AF /* CoreImage.framework in Frameworks */,
				20C5DF2A1D7D586300E3C47B /* Moya.framework in Frameworks */,
				2029C0D11D68CADD00DB72AF /* Foundation.framework in Frameworks */,
				2029C0CF1D68CAD700DB72AF /* UIKit.framework in Frameworks */,
				2019ED811D61AD9400912018 /* libKairosSDK.a in Frameworks */,
			);
			runOnlyForDeploymentPostprocessing = 0;
		};
		20A31A9E1DBDF00A004C81AC /* Frameworks */ = {
			isa = PBXFrameworksBuildPhase;
			buildActionMask = 2147483647;
			files = (
			);
			runOnlyForDeploymentPostprocessing = 0;
		};
/* End PBXFrameworksBuildPhase section */

/* Begin PBXGroup section */
		2019ED791D61AD8200912018 /* Products */ = {
			isa = PBXGroup;
			children = (
				2019ED7E1D61AD8200912018 /* libKairosSDK.a */,
				2019ED801D61AD8200912018 /* KairosSDKTests.xctest */,
			);
			name = Products;
			sourceTree = "<group>";
		};
		2029C0DC1D68CB0100DB72AF /* Frameworks */ = {
			isa = PBXGroup;
			children = (
				2029C0DA1D68CAFB00DB72AF /* AudioToolbox.framework */,
				2029C0D81D68CAF400DB72AF /* AVFoundation.framework */,
				2029C0D61D68CAEC00DB72AF /* CoreGraphics.framework */,
				2029C0D41D68CAE800DB72AF /* CoreMedia.framework */,
				2029C0D21D68CAE200DB72AF /* CoreImage.framework */,
				2029C0D01D68CADD00DB72AF /* Foundation.framework */,
				2029C0CE1D68CAD700DB72AF /* UIKit.framework */,
			);
			name = Frameworks;
			sourceTree = "<group>";
		};
		2033C2F31D9BC08E00253F59 /* Style */ = {
			isa = PBXGroup;
			children = (
				2033C30F1D9BC0A600253F59 /* UIColor+Kairos.swift */,
			);
			name = Style;
			sourceTree = "<group>";
		};
		205423B91E326A8000E05151 /* Products */ = {
			isa = PBXGroup;
			children = (
				205423DD1E326A8000E05151 /* Reachability.framework */,
				205423DF1E326A8000E05151 /* Reachability.framework */,
				205423E11E326A8000E05151 /* Reachability.framework */,
				205423E31E326A8000E05151 /* ReachabilitySample.app */,
				205423E51E326A8000E05151 /* ReachabilityMacSample.app */,
				205423E71E326A8000E05151 /* ReachabilityAppleTVSample.app */,
			);
			name = Products;
			sourceTree = "<group>";
		};
		205D6B981D64DCC30018A858 /* Protocols */ = {
			isa = PBXGroup;
			children = (
				205D6B9B1D64DD0D0018A858 /* TimeClockViewController.swift */,
				20CF25D01DF892DF00B053F6 /* JSONable.swift */,
			);
			name = Protocols;
			sourceTree = "<group>";
		};
		206D17AA1D9BB7D200DD7499 /* Storyboards */ = {
			isa = PBXGroup;
			children = (
				206FA1FD1D61AB5F008B1F94 /* Main.storyboard */,
				2088538D1DB0C51F00866807 /* ClockOptions.storyboard */,
				206D178C1D9BB7CD00DD7499 /* EmployeeID.storyboard */,
				2054F26D1E0039FC00C747E7 /* Setup.storyboard */,
			);
			name = Storyboards;
			sourceTree = "<group>";
		};
		206FA1ED1D61AB5F008B1F94 = {
			isa = PBXGroup;
			children = (
				206FA1F81D61AB5F008B1F94 /* Timeclock */,
				20A31AA21DBDF00B004C81AC /* TimeclockTests */,
				206FA1F71D61AB5F008B1F94 /* Products */,
				20C5DEC81D7D583500E3C47B /* Alamofire.xcodeproj */,
				20C8C56D1DE487AB00CE4B0A /* Heimdallr.xcodeproj */,
				2019ED781D61AD8200912018 /* KairosSDK.xcodeproj */,
				20C5DEE31D7D583F00E3C47B /* Moya.xcodeproj */,
				20C5DF0A1D7D584B00E3C47B /* Result.xcodeproj */,
				205423B81E326A8000E05151 /* Reachability.xcodeproj */,
				204C90A51DEEEF3500930678 /* Fabric.framework */,
				204C90A61DEEEF3500930678 /* Crashlytics.framework */,
				20A86F0A1DEECF6B00A58D66 /* Frameworks */,
			);
			sourceTree = "<group>";
		};
		206FA1F71D61AB5F008B1F94 /* Products */ = {
			isa = PBXGroup;
			children = (
				206FA1F61D61AB5F008B1F94 /* Timeclock.app */,
				20A31AA11DBDF00A004C81AC /* TimeclockTests.xctest */,
			);
			name = Products;
			sourceTree = "<group>";
		};
		206FA1F81D61AB5F008B1F94 /* Timeclock */ = {
			isa = PBXGroup;
			children = (
				200F86071E01A54C00050731 /* Settings.bundle */,
				202686A61DEDEDFE00881B1B /* Timeclock.entitlements */,
				206674321DE0AE62008789E8 /* LocationMonitor.swift */,
				20C5DF321D7D589B00E3C47B /* API */,
				2029C0DC1D68CB0100DB72AF /* Frameworks */,
				20E20B761DB936150017CBA6 /* Model */,
				205D6B981D64DCC30018A858 /* Protocols */,
				208B39B31D638C3B002EE431 /* Flow Controllers */,
				206D17AA1D9BB7D200DD7499 /* Storyboards */,
				2033C2F31D9BC08E00253F59 /* Style */,
				20F7B5911D62FD1F00FE1817 /* View Controllers */,
				206FA1F91D61AB5F008B1F94 /* AppDelegate.swift */,
				206FA2001D61AB5F008B1F94 /* Assets.xcassets */,
				206FA2021D61AB5F008B1F94 /* LaunchScreen.storyboard */,
				206FA2051D61AB5F008B1F94 /* Info.plist */,
				2019ED821D61AE2900912018 /* Timeclock-Bridging-Header.h */,
				20F7B58C1D62FA0000FE1817 /* Keys.plist */,
				20CE42A01E02B2F90095B474 /* Configuration.swift */,
			);
			path = Timeclock;
			sourceTree = "<group>";
		};
		208B39B31D638C3B002EE431 /* Flow Controllers */ = {
			isa = PBXGroup;
			children = (
				208B39AF1D638C38002EE431 /* TimeClockFlowController.swift */,
			);
			name = "Flow Controllers";
			sourceTree = "<group>";
		};
		20A31AA21DBDF00B004C81AC /* TimeclockTests */ = {
			isa = PBXGroup;
			children = (
				20A31AB11DBDF1C0004C81AC /* Model */,
				20A31AAB1DBDF032004C81AC /* CoreDataImporterTests.swift */,
				20A31AAC1DBDF032004C81AC /* CoreDataStackTests.swift */,
				20A31AA31DBDF00B004C81AC /* TimeclockTests.swift */,
				20A31AA51DBDF00B004C81AC /* Info.plist */,
			);
			path = TimeclockTests;
			sourceTree = "<group>";
		};
		20A31AB11DBDF1C0004C81AC /* Model */ = {
			isa = PBXGroup;
			children = (
				20A31AB21DBDF1CA004C81AC /* Test.xcdatamodeld */,
				20A31AB41DBDF1CA004C81AC /* TestEntity.swift */,
				20A31AB51DBDF1CA004C81AC /* TestEntity+CoreDataProperties.swift */,
			);
			name = Model;
			sourceTree = "<group>";
		};
		20A79DC01DDC84EB00FE5DBE /* Punch */ = {
			isa = PBXGroup;
			children = (
				20A79DA11DDC84DD00FE5DBE /* Punch+CoreDataClass.swift */,
				20A79DA21DDC84DD00FE5DBE /* Punch+CoreDataProperties.swift */,
			);
			name = Punch;
			sourceTree = "<group>";
		};
		20A79DC11DDC84F100FE5DBE /* Employee */ = {
			isa = PBXGroup;
			children = (
				20A31A991DBB9F3A004C81AC /* Employee+CoreDataClass.swift */,
				20A31A9A1DBB9F3A004C81AC /* Employee+CoreDataProperties.swift */,
			);
			name = Employee;
			sourceTree = "<group>";
		};
		20A86F0A1DEECF6B00A58D66 /* Frameworks */ = {
			isa = PBXGroup;
			children = (
				2054F2A31E0043C700C747E7 /* Security.framework */,
				20A86F0B1DEECF6B00A58D66 /* CoreData.framework */,
			);
			name = Frameworks;
			sourceTree = "<group>";
		};
		20C5DEC91D7D583500E3C47B /* Products */ = {
			isa = PBXGroup;
			children = (
				20C5DED41D7D583500E3C47B /* Alamofire.framework */,
				20C5DED61D7D583500E3C47B /* Alamofire iOS Tests.xctest */,
				20C5DED81D7D583500E3C47B /* Alamofire.framework */,
				20C5DEDA1D7D583500E3C47B /* Alamofire OSX Tests.xctest */,
				20C5DEDC1D7D583500E3C47B /* Alamofire.framework */,
				20C5DEDE1D7D583500E3C47B /* Alamofire tvOS Tests.xctest */,
				20C5DEE01D7D583500E3C47B /* Alamofire.framework */,
			);
			name = Products;
			sourceTree = "<group>";
		};
		20C5DEE41D7D583F00E3C47B /* Products */ = {
			isa = PBXGroup;
			children = (
				20C5DEF31D7D583F00E3C47B /* Moya.framework */,
				20C5DEF51D7D583F00E3C47B /* ReactiveMoya.framework */,
				20C5DEF71D7D583F00E3C47B /* RxMoya.framework */,
				20C5DEF91D7D583F00E3C47B /* Moya.framework */,
				20C5DEFB1D7D583F00E3C47B /* ReactiveMoya.framework */,
				20C5DEFD1D7D583F00E3C47B /* RxMoya.framework */,
				20C5DEFF1D7D583F00E3C47B /* Moya.framework */,
				20C5DF011D7D583F00E3C47B /* ReactiveMoya.framework */,
				20C5DF031D7D583F00E3C47B /* RxMoya.framework */,
				20C5DF051D7D583F00E3C47B /* Moya.framework */,
				20C5DF071D7D583F00E3C47B /* ReactiveMoya.framework */,
				20C5DF091D7D583F00E3C47B /* RxMoya.framework */,
			);
			name = Products;
			sourceTree = "<group>";
		};
		20C5DF0B1D7D584B00E3C47B /* Products */ = {
			isa = PBXGroup;
			children = (
				20C5DF161D7D584C00E3C47B /* Result.framework */,
				20C5DF181D7D584C00E3C47B /* Result-MacTests.xctest */,
				20C5DF1A1D7D584C00E3C47B /* Result.framework */,
				20C5DF1C1D7D584C00E3C47B /* Result-iOSTests.xctest */,
				20C5DF1E1D7D584C00E3C47B /* Result.framework */,
				20C5DF201D7D584C00E3C47B /* Result-tvOSTests.xctest */,
				20C5DF221D7D584C00E3C47B /* Result.framework */,
				20C5DF241D7D584C00E3C47B /* Result-watchOSTests.xctest */,
			);
			name = Products;
			sourceTree = "<group>";
		};
		20C5DF321D7D589B00E3C47B /* API */ = {
			isa = PBXGroup;
			children = (
				2066745D1DE0B9A4008789E8 /* WFMAPIError.swift */,
				20C5DF351D7D591500E3C47B /* WFMAPI.swift */,
				20C5DF331D7D58B600E3C47B /* WFMService.swift */,
				20C8C5A71DE48B1600CE4B0A /* HeimdallResourceRequestAuthenticatorForm.swift */,
				20C8C5A91DE48B4A00CE4B0A /* WFMOAuthHTTPClientNSURLSession.swift */,
				20DC07181DEDAAD000100726 /* WFMOAuthAccessTokenParser.swift */,
				2054F2A11E00438900C747E7 /* Keychain.swift */,
			);
			name = API;
			sourceTree = "<group>";
		};
		20C8C56E1DE487AB00CE4B0A /* Products */ = {
			isa = PBXGroup;
			children = (
				20C8C5801DE487AB00CE4B0A /* Heimdallr.framework */,
				20C8C5821DE487AB00CE4B0A /* HeimdallrTests.xctest */,
				20C8C5841DE487AB00CE4B0A /* Heimdallr.framework */,
				20C8C5861DE487AB00CE4B0A /* HeimdallrTests.xctest */,
				20C8C5881DE487AB00CE4B0A /* ReactiveHeimdallr.framework */,
				20C8C58A1DE487AB00CE4B0A /* ReactiveHeimdallrTests.xctest */,
				20C8C58C1DE487AB00CE4B0A /* ReactiveHeimdallr.framework */,
				20C8C58E1DE487AB00CE4B0A /* ReactiveHeimdallrTests.xctest */,
			);
			name = Products;
			sourceTree = "<group>";
		};
		20E20B761DB936150017CBA6 /* Model */ = {
			isa = PBXGroup;
			children = (
				20A79DC11DDC84F100FE5DBE /* Employee */,
				20A79DC01DDC84EB00FE5DBE /* Punch */,
				20A31A721DBB9A8F004C81AC /* CoreDataImporter.swift */,
				20A31A731DBB9A8F004C81AC /* CoreDataStack.swift */,
				20A31A741DBB9A8F004C81AC /* CoreDataStack+InsertObject.swift */,
				20A31A751DBB9A8F004C81AC /* DataController.swift */,
				20A31A771DBB9A8F004C81AC /* ManagedObjectType.swift */,
				202F837D1E082008008AC04D /* SyncScheduler.swift */,
				20E20BB31DB9367C0017CBA6 /* Model.xcdatamodeld */,
				2039A41B1E0408590000900C /* PunchData.swift */,
			);
			name = Model;
			sourceTree = "<group>";
		};
		20F7B5911D62FD1F00FE1817 /* View Controllers */ = {
			isa = PBXGroup;
			children = (
				20F7B5941D62FD3500FE1817 /* IdleViewController.swift */,
				20F7B5961D62FD5800FE1817 /* CaptureViewController.swift */,
				20F7B5981D62FD9700FE1817 /* ClockOptionsViewController.swift */,
				204640ED1D6AE31000F527A8 /* ClockViewController.swift */,
				208012001D7EAA0200DEE7E3 /* EmployeeIDViewController.swift */,
				20F7B59A1D62FEA600FE1817 /* TimeClockCompositeViewController.swift */,
				206FA1FB1D61AB5F008B1F94 /* ViewController.swift */,
				2054F2911E003A1A00C747E7 /* SetupViewController.swift */,
			);
			name = "View Controllers";
			sourceTree = "<group>";
		};
/* End PBXGroup section */

/* Begin PBXNativeTarget section */
		206FA1F51D61AB5F008B1F94 /* Timeclock */ = {
			isa = PBXNativeTarget;
			buildConfigurationList = 206FA2081D61AB5F008B1F94 /* Build configuration list for PBXNativeTarget "Timeclock" */;
			buildPhases = (
				206FA1F21D61AB5F008B1F94 /* Sources */,
				206FA1F31D61AB5F008B1F94 /* Frameworks */,
				206FA1F41D61AB5F008B1F94 /* Resources */,
				20C5DF291D7D585F00E3C47B /* Embed Frameworks */,
				204C90821DEEEE9800930678 /* ShellScript */,
			);
			buildRules = (
			);
			dependencies = (
				20C5DF281D7D585F00E3C47B /* PBXTargetDependency */,
				20C5DF2D1D7D586300E3C47B /* PBXTargetDependency */,
				20C5DF311D7D586900E3C47B /* PBXTargetDependency */,
				20C8C5A61DE4880C00CE4B0A /* PBXTargetDependency */,
				205423F21E326A8D00E05151 /* PBXTargetDependency */,
			);
			name = Timeclock;
			productName = Timeclock;
			productReference = 206FA1F61D61AB5F008B1F94 /* Timeclock.app */;
			productType = "com.apple.product-type.application";
		};
		20A31AA01DBDF00A004C81AC /* TimeclockTests */ = {
			isa = PBXNativeTarget;
			buildConfigurationList = 20A31AA81DBDF00B004C81AC /* Build configuration list for PBXNativeTarget "TimeclockTests" */;
			buildPhases = (
				20A31A9D1DBDF00A004C81AC /* Sources */,
				20A31A9E1DBDF00A004C81AC /* Frameworks */,
				20A31A9F1DBDF00A004C81AC /* Resources */,
			);
			buildRules = (
			);
			dependencies = (
				20A31AA71DBDF00B004C81AC /* PBXTargetDependency */,
			);
			name = TimeclockTests;
			productName = TimeclockTests;
			productReference = 20A31AA11DBDF00A004C81AC /* TimeclockTests.xctest */;
			productType = "com.apple.product-type.bundle.unit-test";
		};
/* End PBXNativeTarget section */

/* Begin PBXProject section */
		206FA1EE1D61AB5F008B1F94 /* Project object */ = {
			isa = PBXProject;
			attributes = {
				LastSwiftUpdateCheck = 0800;
				LastUpgradeCheck = 0730;
				ORGANIZATIONNAME = Kairos;
				TargetAttributes = {
					206FA1F51D61AB5F008B1F94 = {
						CreatedOnToolsVersion = 7.3.1;
						LastSwiftMigration = 0800;
						ProvisioningStyle = Manual;
						SystemCapabilities = {
							com.apple.DataProtection = {
								enabled = 0;
							};
							com.apple.Keychain = {
								enabled = 1;
							};
						};
					};
					20A31AA01DBDF00A004C81AC = {
						CreatedOnToolsVersion = 8.0;
						DevelopmentTeam = FRVVJ46CY6;
						ProvisioningStyle = Automatic;
						TestTargetID = 206FA1F51D61AB5F008B1F94;
					};
				};
			};
			buildConfigurationList = 206FA1F11D61AB5F008B1F94 /* Build configuration list for PBXProject "Timeclock" */;
			compatibilityVersion = "Xcode 3.2";
			developmentRegion = English;
			hasScannedForEncodings = 0;
			knownRegions = (
				en,
				Base,
			);
			mainGroup = 206FA1ED1D61AB5F008B1F94;
			productRefGroup = 206FA1F71D61AB5F008B1F94 /* Products */;
			projectDirPath = "";
			projectReferences = (
				{
					ProductGroup = 20C5DEC91D7D583500E3C47B /* Products */;
					ProjectRef = 20C5DEC81D7D583500E3C47B /* Alamofire.xcodeproj */;
				},
				{
					ProductGroup = 20C8C56E1DE487AB00CE4B0A /* Products */;
					ProjectRef = 20C8C56D1DE487AB00CE4B0A /* Heimdallr.xcodeproj */;
				},
				{
					ProductGroup = 2019ED791D61AD8200912018 /* Products */;
					ProjectRef = 2019ED781D61AD8200912018 /* KairosSDK.xcodeproj */;
				},
				{
					ProductGroup = 20C5DEE41D7D583F00E3C47B /* Products */;
					ProjectRef = 20C5DEE31D7D583F00E3C47B /* Moya.xcodeproj */;
				},
				{
					ProductGroup = 205423B91E326A8000E05151 /* Products */;
					ProjectRef = 205423B81E326A8000E05151 /* Reachability.xcodeproj */;
				},
				{
					ProductGroup = 20C5DF0B1D7D584B00E3C47B /* Products */;
					ProjectRef = 20C5DF0A1D7D584B00E3C47B /* Result.xcodeproj */;
				},
			);
			projectRoot = "";
			targets = (
				206FA1F51D61AB5F008B1F94 /* Timeclock */,
				20A31AA01DBDF00A004C81AC /* TimeclockTests */,
			);
		};
/* End PBXProject section */

/* Begin PBXReferenceProxy section */
		2019ED7E1D61AD8200912018 /* libKairosSDK.a */ = {
			isa = PBXReferenceProxy;
			fileType = archive.ar;
			path = libKairosSDK.a;
			remoteRef = 2019ED7D1D61AD8200912018 /* PBXContainerItemProxy */;
			sourceTree = BUILT_PRODUCTS_DIR;
		};
		2019ED801D61AD8200912018 /* KairosSDKTests.xctest */ = {
			isa = PBXReferenceProxy;
			fileType = wrapper.cfbundle;
			path = KairosSDKTests.xctest;
			remoteRef = 2019ED7F1D61AD8200912018 /* PBXContainerItemProxy */;
			sourceTree = BUILT_PRODUCTS_DIR;
		};
		205423DD1E326A8000E05151 /* Reachability.framework */ = {
			isa = PBXReferenceProxy;
			fileType = wrapper.framework;
			path = Reachability.framework;
			remoteRef = 205423DC1E326A8000E05151 /* PBXContainerItemProxy */;
			sourceTree = BUILT_PRODUCTS_DIR;
		};
		205423DF1E326A8000E05151 /* Reachability.framework */ = {
			isa = PBXReferenceProxy;
			fileType = wrapper.framework;
			path = Reachability.framework;
			remoteRef = 205423DE1E326A8000E05151 /* PBXContainerItemProxy */;
			sourceTree = BUILT_PRODUCTS_DIR;
		};
		205423E11E326A8000E05151 /* Reachability.framework */ = {
			isa = PBXReferenceProxy;
			fileType = wrapper.framework;
			path = Reachability.framework;
			remoteRef = 205423E01E326A8000E05151 /* PBXContainerItemProxy */;
			sourceTree = BUILT_PRODUCTS_DIR;
		};
		205423E31E326A8000E05151 /* ReachabilitySample.app */ = {
			isa = PBXReferenceProxy;
			fileType = wrapper.application;
			path = ReachabilitySample.app;
			remoteRef = 205423E21E326A8000E05151 /* PBXContainerItemProxy */;
			sourceTree = BUILT_PRODUCTS_DIR;
		};
		205423E51E326A8000E05151 /* ReachabilityMacSample.app */ = {
			isa = PBXReferenceProxy;
			fileType = wrapper.application;
			path = ReachabilityMacSample.app;
			remoteRef = 205423E41E326A8000E05151 /* PBXContainerItemProxy */;
			sourceTree = BUILT_PRODUCTS_DIR;
		};
		205423E71E326A8000E05151 /* ReachabilityAppleTVSample.app */ = {
			isa = PBXReferenceProxy;
			fileType = wrapper.application;
			path = ReachabilityAppleTVSample.app;
			remoteRef = 205423E61E326A8000E05151 /* PBXContainerItemProxy */;
			sourceTree = BUILT_PRODUCTS_DIR;
		};
		20C5DED41D7D583500E3C47B /* Alamofire.framework */ = {
			isa = PBXReferenceProxy;
			fileType = wrapper.framework;
			path = Alamofire.framework;
			remoteRef = 20C5DED31D7D583500E3C47B /* PBXContainerItemProxy */;
			sourceTree = BUILT_PRODUCTS_DIR;
		};
		20C5DED61D7D583500E3C47B /* Alamofire iOS Tests.xctest */ = {
			isa = PBXReferenceProxy;
			fileType = wrapper.cfbundle;
			path = "Alamofire iOS Tests.xctest";
			remoteRef = 20C5DED51D7D583500E3C47B /* PBXContainerItemProxy */;
			sourceTree = BUILT_PRODUCTS_DIR;
		};
		20C5DED81D7D583500E3C47B /* Alamofire.framework */ = {
			isa = PBXReferenceProxy;
			fileType = wrapper.framework;
			path = Alamofire.framework;
			remoteRef = 20C5DED71D7D583500E3C47B /* PBXContainerItemProxy */;
			sourceTree = BUILT_PRODUCTS_DIR;
		};
		20C5DEDA1D7D583500E3C47B /* Alamofire OSX Tests.xctest */ = {
			isa = PBXReferenceProxy;
			fileType = wrapper.cfbundle;
			path = "Alamofire OSX Tests.xctest";
			remoteRef = 20C5DED91D7D583500E3C47B /* PBXContainerItemProxy */;
			sourceTree = BUILT_PRODUCTS_DIR;
		};
		20C5DEDC1D7D583500E3C47B /* Alamofire.framework */ = {
			isa = PBXReferenceProxy;
			fileType = wrapper.framework;
			path = Alamofire.framework;
			remoteRef = 20C5DEDB1D7D583500E3C47B /* PBXContainerItemProxy */;
			sourceTree = BUILT_PRODUCTS_DIR;
		};
		20C5DEDE1D7D583500E3C47B /* Alamofire tvOS Tests.xctest */ = {
			isa = PBXReferenceProxy;
			fileType = wrapper.cfbundle;
			path = "Alamofire tvOS Tests.xctest";
			remoteRef = 20C5DEDD1D7D583500E3C47B /* PBXContainerItemProxy */;
			sourceTree = BUILT_PRODUCTS_DIR;
		};
		20C5DEE01D7D583500E3C47B /* Alamofire.framework */ = {
			isa = PBXReferenceProxy;
			fileType = wrapper.framework;
			path = Alamofire.framework;
			remoteRef = 20C5DEDF1D7D583500E3C47B /* PBXContainerItemProxy */;
			sourceTree = BUILT_PRODUCTS_DIR;
		};
		20C5DEF31D7D583F00E3C47B /* Moya.framework */ = {
			isa = PBXReferenceProxy;
			fileType = wrapper.framework;
			path = Moya.framework;
			remoteRef = 20C5DEF21D7D583F00E3C47B /* PBXContainerItemProxy */;
			sourceTree = BUILT_PRODUCTS_DIR;
		};
		20C5DEF51D7D583F00E3C47B /* ReactiveMoya.framework */ = {
			isa = PBXReferenceProxy;
			fileType = wrapper.framework;
			path = ReactiveMoya.framework;
			remoteRef = 20C5DEF41D7D583F00E3C47B /* PBXContainerItemProxy */;
			sourceTree = BUILT_PRODUCTS_DIR;
		};
		20C5DEF71D7D583F00E3C47B /* RxMoya.framework */ = {
			isa = PBXReferenceProxy;
			fileType = wrapper.framework;
			path = RxMoya.framework;
			remoteRef = 20C5DEF61D7D583F00E3C47B /* PBXContainerItemProxy */;
			sourceTree = BUILT_PRODUCTS_DIR;
		};
		20C5DEF91D7D583F00E3C47B /* Moya.framework */ = {
			isa = PBXReferenceProxy;
			fileType = wrapper.framework;
			path = Moya.framework;
			remoteRef = 20C5DEF81D7D583F00E3C47B /* PBXContainerItemProxy */;
			sourceTree = BUILT_PRODUCTS_DIR;
		};
		20C5DEFB1D7D583F00E3C47B /* ReactiveMoya.framework */ = {
			isa = PBXReferenceProxy;
			fileType = wrapper.framework;
			path = ReactiveMoya.framework;
			remoteRef = 20C5DEFA1D7D583F00E3C47B /* PBXContainerItemProxy */;
			sourceTree = BUILT_PRODUCTS_DIR;
		};
		20C5DEFD1D7D583F00E3C47B /* RxMoya.framework */ = {
			isa = PBXReferenceProxy;
			fileType = wrapper.framework;
			path = RxMoya.framework;
			remoteRef = 20C5DEFC1D7D583F00E3C47B /* PBXContainerItemProxy */;
			sourceTree = BUILT_PRODUCTS_DIR;
		};
		20C5DEFF1D7D583F00E3C47B /* Moya.framework */ = {
			isa = PBXReferenceProxy;
			fileType = wrapper.framework;
			path = Moya.framework;
			remoteRef = 20C5DEFE1D7D583F00E3C47B /* PBXContainerItemProxy */;
			sourceTree = BUILT_PRODUCTS_DIR;
		};
		20C5DF011D7D583F00E3C47B /* ReactiveMoya.framework */ = {
			isa = PBXReferenceProxy;
			fileType = wrapper.framework;
			path = ReactiveMoya.framework;
			remoteRef = 20C5DF001D7D583F00E3C47B /* PBXContainerItemProxy */;
			sourceTree = BUILT_PRODUCTS_DIR;
		};
		20C5DF031D7D583F00E3C47B /* RxMoya.framework */ = {
			isa = PBXReferenceProxy;
			fileType = wrapper.framework;
			path = RxMoya.framework;
			remoteRef = 20C5DF021D7D583F00E3C47B /* PBXContainerItemProxy */;
			sourceTree = BUILT_PRODUCTS_DIR;
		};
		20C5DF051D7D583F00E3C47B /* Moya.framework */ = {
			isa = PBXReferenceProxy;
			fileType = wrapper.framework;
			path = Moya.framework;
			remoteRef = 20C5DF041D7D583F00E3C47B /* PBXContainerItemProxy */;
			sourceTree = BUILT_PRODUCTS_DIR;
		};
		20C5DF071D7D583F00E3C47B /* ReactiveMoya.framework */ = {
			isa = PBXReferenceProxy;
			fileType = wrapper.framework;
			path = ReactiveMoya.framework;
			remoteRef = 20C5DF061D7D583F00E3C47B /* PBXContainerItemProxy */;
			sourceTree = BUILT_PRODUCTS_DIR;
		};
		20C5DF091D7D583F00E3C47B /* RxMoya.framework */ = {
			isa = PBXReferenceProxy;
			fileType = wrapper.framework;
			path = RxMoya.framework;
			remoteRef = 20C5DF081D7D583F00E3C47B /* PBXContainerItemProxy */;
			sourceTree = BUILT_PRODUCTS_DIR;
		};
		20C5DF161D7D584C00E3C47B /* Result.framework */ = {
			isa = PBXReferenceProxy;
			fileType = wrapper.framework;
			path = Result.framework;
			remoteRef = 20C5DF151D7D584C00E3C47B /* PBXContainerItemProxy */;
			sourceTree = BUILT_PRODUCTS_DIR;
		};
		20C5DF181D7D584C00E3C47B /* Result-MacTests.xctest */ = {
			isa = PBXReferenceProxy;
			fileType = wrapper.cfbundle;
			path = "Result-MacTests.xctest";
			remoteRef = 20C5DF171D7D584C00E3C47B /* PBXContainerItemProxy */;
			sourceTree = BUILT_PRODUCTS_DIR;
		};
		20C5DF1A1D7D584C00E3C47B /* Result.framework */ = {
			isa = PBXReferenceProxy;
			fileType = wrapper.framework;
			path = Result.framework;
			remoteRef = 20C5DF191D7D584C00E3C47B /* PBXContainerItemProxy */;
			sourceTree = BUILT_PRODUCTS_DIR;
		};
		20C5DF1C1D7D584C00E3C47B /* Result-iOSTests.xctest */ = {
			isa = PBXReferenceProxy;
			fileType = wrapper.cfbundle;
			path = "Result-iOSTests.xctest";
			remoteRef = 20C5DF1B1D7D584C00E3C47B /* PBXContainerItemProxy */;
			sourceTree = BUILT_PRODUCTS_DIR;
		};
		20C5DF1E1D7D584C00E3C47B /* Result.framework */ = {
			isa = PBXReferenceProxy;
			fileType = wrapper.framework;
			path = Result.framework;
			remoteRef = 20C5DF1D1D7D584C00E3C47B /* PBXContainerItemProxy */;
			sourceTree = BUILT_PRODUCTS_DIR;
		};
		20C5DF201D7D584C00E3C47B /* Result-tvOSTests.xctest */ = {
			isa = PBXReferenceProxy;
			fileType = wrapper.cfbundle;
			path = "Result-tvOSTests.xctest";
			remoteRef = 20C5DF1F1D7D584C00E3C47B /* PBXContainerItemProxy */;
			sourceTree = BUILT_PRODUCTS_DIR;
		};
		20C5DF221D7D584C00E3C47B /* Result.framework */ = {
			isa = PBXReferenceProxy;
			fileType = wrapper.framework;
			path = Result.framework;
			remoteRef = 20C5DF211D7D584C00E3C47B /* PBXContainerItemProxy */;
			sourceTree = BUILT_PRODUCTS_DIR;
		};
		20C5DF241D7D584C00E3C47B /* Result-watchOSTests.xctest */ = {
			isa = PBXReferenceProxy;
			fileType = wrapper.cfbundle;
			path = "Result-watchOSTests.xctest";
			remoteRef = 20C5DF231D7D584C00E3C47B /* PBXContainerItemProxy */;
			sourceTree = BUILT_PRODUCTS_DIR;
		};
		20C8C5801DE487AB00CE4B0A /* Heimdallr.framework */ = {
			isa = PBXReferenceProxy;
			fileType = wrapper.framework;
			path = Heimdallr.framework;
			remoteRef = 20C8C57F1DE487AB00CE4B0A /* PBXContainerItemProxy */;
			sourceTree = BUILT_PRODUCTS_DIR;
		};
		20C8C5821DE487AB00CE4B0A /* HeimdallrTests.xctest */ = {
			isa = PBXReferenceProxy;
			fileType = wrapper.cfbundle;
			path = HeimdallrTests.xctest;
			remoteRef = 20C8C5811DE487AB00CE4B0A /* PBXContainerItemProxy */;
			sourceTree = BUILT_PRODUCTS_DIR;
		};
		20C8C5841DE487AB00CE4B0A /* Heimdallr.framework */ = {
			isa = PBXReferenceProxy;
			fileType = wrapper.framework;
			path = Heimdallr.framework;
			remoteRef = 20C8C5831DE487AB00CE4B0A /* PBXContainerItemProxy */;
			sourceTree = BUILT_PRODUCTS_DIR;
		};
		20C8C5861DE487AB00CE4B0A /* HeimdallrTests.xctest */ = {
			isa = PBXReferenceProxy;
			fileType = wrapper.cfbundle;
			path = HeimdallrTests.xctest;
			remoteRef = 20C8C5851DE487AB00CE4B0A /* PBXContainerItemProxy */;
			sourceTree = BUILT_PRODUCTS_DIR;
		};
		20C8C5881DE487AB00CE4B0A /* ReactiveHeimdallr.framework */ = {
			isa = PBXReferenceProxy;
			fileType = wrapper.framework;
			path = ReactiveHeimdallr.framework;
			remoteRef = 20C8C5871DE487AB00CE4B0A /* PBXContainerItemProxy */;
			sourceTree = BUILT_PRODUCTS_DIR;
		};
		20C8C58A1DE487AB00CE4B0A /* ReactiveHeimdallrTests.xctest */ = {
			isa = PBXReferenceProxy;
			fileType = wrapper.cfbundle;
			path = ReactiveHeimdallrTests.xctest;
			remoteRef = 20C8C5891DE487AB00CE4B0A /* PBXContainerItemProxy */;
			sourceTree = BUILT_PRODUCTS_DIR;
		};
		20C8C58C1DE487AB00CE4B0A /* ReactiveHeimdallr.framework */ = {
			isa = PBXReferenceProxy;
			fileType = wrapper.framework;
			path = ReactiveHeimdallr.framework;
			remoteRef = 20C8C58B1DE487AB00CE4B0A /* PBXContainerItemProxy */;
			sourceTree = BUILT_PRODUCTS_DIR;
		};
		20C8C58E1DE487AB00CE4B0A /* ReactiveHeimdallrTests.xctest */ = {
			isa = PBXReferenceProxy;
			fileType = wrapper.cfbundle;
			path = ReactiveHeimdallrTests.xctest;
			remoteRef = 20C8C58D1DE487AB00CE4B0A /* PBXContainerItemProxy */;
			sourceTree = BUILT_PRODUCTS_DIR;
		};
/* End PBXReferenceProxy section */

/* Begin PBXResourcesBuildPhase section */
		206FA1F41D61AB5F008B1F94 /* Resources */ = {
			isa = PBXResourcesBuildPhase;
			buildActionMask = 2147483647;
			files = (
				200F86081E01A54C00050731 /* Settings.bundle in Resources */,
				20F7B58D1D62FA0000FE1817 /* Keys.plist in Resources */,
				206FA2041D61AB5F008B1F94 /* LaunchScreen.storyboard in Resources */,
				206FA2011D61AB5F008B1F94 /* Assets.xcassets in Resources */,
				2054F26E1E0039FC00C747E7 /* Setup.storyboard in Resources */,
				206D178E1D9BB7CD00DD7499 /* EmployeeID.storyboard in Resources */,
				2088538F1DB0C51F00866807 /* ClockOptions.storyboard in Resources */,
				206FA1FF1D61AB5F008B1F94 /* Main.storyboard in Resources */,
			);
			runOnlyForDeploymentPostprocessing = 0;
		};
		20A31A9F1DBDF00A004C81AC /* Resources */ = {
			isa = PBXResourcesBuildPhase;
			buildActionMask = 2147483647;
			files = (
			);
			runOnlyForDeploymentPostprocessing = 0;
		};
/* End PBXResourcesBuildPhase section */

/* Begin PBXShellScriptBuildPhase section */
		204C90821DEEEE9800930678 /* ShellScript */ = {
			isa = PBXShellScriptBuildPhase;
			buildActionMask = 2147483647;
			files = (
			);
			inputPaths = (
			);
			outputPaths = (
			);
			runOnlyForDeploymentPostprocessing = 0;
			shellPath = /bin/sh;
			shellScript = "./Fabric.framework/run ff5d01abe12285227f838bccf0c1cf896a6fcdd9 97c874d64d5d20583e7d622daa9c0d05168b29ee955ce744dabd4ef1a5f82533";
		};
/* End PBXShellScriptBuildPhase section */

/* Begin PBXSourcesBuildPhase section */
		206FA1F21D61AB5F008B1F94 /* Sources */ = {
			isa = PBXSourcesBuildPhase;
			buildActionMask = 2147483647;
			files = (
				20DC07191DEDAAD000100726 /* WFMOAuthAccessTokenParser.swift in Sources */,
				20A31A7A1DBB9A8F004C81AC /* CoreDataStack+InsertObject.swift in Sources */,
				2033C3101D9BC0A600253F59 /* UIColor+Kairos.swift in Sources */,
				204640EE1D6AE31000F527A8 /* ClockViewController.swift in Sources */,
				2054F2921E003A1A00C747E7 /* SetupViewController.swift in Sources */,
				20A31A9B1DBB9F3A004C81AC /* Employee+CoreDataClass.swift in Sources */,
				20CE42A11E02B2F90095B474 /* Configuration.swift in Sources */,
				2039A41C1E0408590000900C /* PunchData.swift in Sources */,
				208012011D7EAA0200DEE7E3 /* EmployeeIDViewController.swift in Sources */,
				20C8C5AA1DE48B4A00CE4B0A /* WFMOAuthHTTPClientNSURLSession.swift in Sources */,
				20C8C5A81DE48B1600CE4B0A /* HeimdallResourceRequestAuthenticatorForm.swift in Sources */,
				20E20BB51DB9367C0017CBA6 /* Model.xcdatamodeld in Sources */,
				2066745E1DE0B9A4008789E8 /* WFMAPIError.swift in Sources */,
				2054F2A21E00438900C747E7 /* Keychain.swift in Sources */,
				20A79DA31DDC84DD00FE5DBE /* Punch+CoreDataClass.swift in Sources */,
				20F7B5991D62FD9700FE1817 /* ClockOptionsViewController.swift in Sources */,
				206FA1FC1D61AB5F008B1F94 /* ViewController.swift in Sources */,
				205D6B9C1D64DD0D0018A858 /* TimeClockViewController.swift in Sources */,
				20A31A791DBB9A8F004C81AC /* CoreDataStack.swift in Sources */,
				20F7B5971D62FD5800FE1817 /* CaptureViewController.swift in Sources */,
				20A79DA41DDC84DD00FE5DBE /* Punch+CoreDataProperties.swift in Sources */,
				206FA1FA1D61AB5F008B1F94 /* AppDelegate.swift in Sources */,
				20C5DF361D7D591500E3C47B /* WFMAPI.swift in Sources */,
				20A31A9C1DBB9F3A004C81AC /* Employee+CoreDataProperties.swift in Sources */,
				20F7B59B1D62FEA600FE1817 /* TimeClockCompositeViewController.swift in Sources */,
				206674331DE0AE62008789E8 /* LocationMonitor.swift in Sources */,
				202F837E1E082008008AC04D /* SyncScheduler.swift in Sources */,
				20A31A7B1DBB9A8F004C81AC /* DataController.swift in Sources */,
				208B39B01D638C38002EE431 /* TimeClockFlowController.swift in Sources */,
				20A31A7D1DBB9A8F004C81AC /* ManagedObjectType.swift in Sources */,
				20A31A781DBB9A8F004C81AC /* CoreDataImporter.swift in Sources */,
				20CF25D11DF892DF00B053F6 /* JSONable.swift in Sources */,
				20C5DF341D7D58B600E3C47B /* WFMService.swift in Sources */,
				20F7B5951D62FD3500FE1817 /* IdleViewController.swift in Sources */,
			);
			runOnlyForDeploymentPostprocessing = 0;
		};
		20A31A9D1DBDF00A004C81AC /* Sources */ = {
			isa = PBXSourcesBuildPhase;
			buildActionMask = 2147483647;
			files = (
				20A31AB71DBDF1CA004C81AC /* TestEntity.swift in Sources */,
				20A31AAE1DBDF032004C81AC /* CoreDataImporterTests.swift in Sources */,
				20A31AB61DBDF1CA004C81AC /* Test.xcdatamodeld in Sources */,
				20A31AAF1DBDF032004C81AC /* CoreDataStackTests.swift in Sources */,
				20A31AB81DBDF1CA004C81AC /* TestEntity+CoreDataProperties.swift in Sources */,
				20A31AA41DBDF00B004C81AC /* TimeclockTests.swift in Sources */,
			);
			runOnlyForDeploymentPostprocessing = 0;
		};
/* End PBXSourcesBuildPhase section */

/* Begin PBXTargetDependency section */
		205423F21E326A8D00E05151 /* PBXTargetDependency */ = {
			isa = PBXTargetDependency;
			name = Reachability;
			targetProxy = 205423F11E326A8D00E05151 /* PBXContainerItemProxy */;
		};
		20A31AA71DBDF00B004C81AC /* PBXTargetDependency */ = {
			isa = PBXTargetDependency;
			target = 206FA1F51D61AB5F008B1F94 /* Timeclock */;
			targetProxy = 20A31AA61DBDF00B004C81AC /* PBXContainerItemProxy */;
		};
		20C5DF281D7D585F00E3C47B /* PBXTargetDependency */ = {
			isa = PBXTargetDependency;
			name = "Alamofire iOS";
			targetProxy = 20C5DF271D7D585F00E3C47B /* PBXContainerItemProxy */;
		};
		20C5DF2D1D7D586300E3C47B /* PBXTargetDependency */ = {
			isa = PBXTargetDependency;
			name = "Moya iOS";
			targetProxy = 20C5DF2C1D7D586300E3C47B /* PBXContainerItemProxy */;
		};
		20C5DF311D7D586900E3C47B /* PBXTargetDependency */ = {
			isa = PBXTargetDependency;
			name = "Result-iOS";
			targetProxy = 20C5DF301D7D586900E3C47B /* PBXContainerItemProxy */;
		};
		20C8C5A61DE4880C00CE4B0A /* PBXTargetDependency */ = {
			isa = PBXTargetDependency;
			name = "Heimdallr-iOS";
			targetProxy = 20C8C5A51DE4880C00CE4B0A /* PBXContainerItemProxy */;
		};
/* End PBXTargetDependency section */

/* Begin PBXVariantGroup section */
		206D178C1D9BB7CD00DD7499 /* EmployeeID.storyboard */ = {
			isa = PBXVariantGroup;
			children = (
				206D178D1D9BB7CD00DD7499 /* Base */,
			);
			name = EmployeeID.storyboard;
			sourceTree = "<group>";
		};
		206FA1FD1D61AB5F008B1F94 /* Main.storyboard */ = {
			isa = PBXVariantGroup;
			children = (
				206FA1FE1D61AB5F008B1F94 /* Base */,
			);
			name = Main.storyboard;
			sourceTree = "<group>";
		};
		206FA2021D61AB5F008B1F94 /* LaunchScreen.storyboard */ = {
			isa = PBXVariantGroup;
			children = (
				206FA2031D61AB5F008B1F94 /* Base */,
			);
			name = LaunchScreen.storyboard;
			sourceTree = "<group>";
		};
		2088538D1DB0C51F00866807 /* ClockOptions.storyboard */ = {
			isa = PBXVariantGroup;
			children = (
				2088538E1DB0C51F00866807 /* Base */,
			);
			name = ClockOptions.storyboard;
			sourceTree = "<group>";
		};
/* End PBXVariantGroup section */

/* Begin XCBuildConfiguration section */
		206FA2061D61AB5F008B1F94 /* Debug */ = {
			isa = XCBuildConfiguration;
			buildSettings = {
				ALWAYS_SEARCH_USER_PATHS = NO;
				CLANG_ANALYZER_NONNULL = YES;
				CLANG_CXX_LANGUAGE_STANDARD = "gnu++0x";
				CLANG_CXX_LIBRARY = "libc++";
				CLANG_ENABLE_MODULES = YES;
				CLANG_ENABLE_OBJC_ARC = YES;
				CLANG_WARN_BOOL_CONVERSION = YES;
				CLANG_WARN_CONSTANT_CONVERSION = YES;
				CLANG_WARN_DIRECT_OBJC_ISA_USAGE = YES_ERROR;
				CLANG_WARN_EMPTY_BODY = YES;
				CLANG_WARN_ENUM_CONVERSION = YES;
				CLANG_WARN_INT_CONVERSION = YES;
				CLANG_WARN_OBJC_ROOT_CLASS = YES_ERROR;
				CLANG_WARN_UNREACHABLE_CODE = YES;
				CLANG_WARN__DUPLICATE_METHOD_MATCH = YES;
				"CODE_SIGN_IDENTITY[sdk=iphoneos*]" = "iPhone Developer";
				COPY_PHASE_STRIP = NO;
				DEBUG_INFORMATION_FORMAT = dwarf;
				ENABLE_STRICT_OBJC_MSGSEND = YES;
				ENABLE_TESTABILITY = YES;
				GCC_C_LANGUAGE_STANDARD = gnu99;
				GCC_DYNAMIC_NO_PIC = NO;
				GCC_NO_COMMON_BLOCKS = YES;
				GCC_OPTIMIZATION_LEVEL = 0;
				GCC_PREPROCESSOR_DEFINITIONS = (
					"DEBUG=1",
					"$(inherited)",
				);
				GCC_WARN_64_TO_32_BIT_CONVERSION = YES;
				GCC_WARN_ABOUT_RETURN_TYPE = YES_ERROR;
				GCC_WARN_UNDECLARED_SELECTOR = YES;
				GCC_WARN_UNINITIALIZED_AUTOS = YES_AGGRESSIVE;
				GCC_WARN_UNUSED_FUNCTION = YES;
				GCC_WARN_UNUSED_VARIABLE = YES;
				IPHONEOS_DEPLOYMENT_TARGET = 10.0;
				MTL_ENABLE_DEBUG_INFO = YES;
				ONLY_ACTIVE_ARCH = YES;
				SDKROOT = iphoneos;
				SWIFT_OPTIMIZATION_LEVEL = "-Onone";
				SWIFT_VERSION = 2.3;
				TARGETED_DEVICE_FAMILY = "1,2";
			};
			name = Debug;
		};
		206FA2071D61AB5F008B1F94 /* Release */ = {
			isa = XCBuildConfiguration;
			buildSettings = {
				ALWAYS_SEARCH_USER_PATHS = NO;
				CLANG_ANALYZER_NONNULL = YES;
				CLANG_CXX_LANGUAGE_STANDARD = "gnu++0x";
				CLANG_CXX_LIBRARY = "libc++";
				CLANG_ENABLE_MODULES = YES;
				CLANG_ENABLE_OBJC_ARC = YES;
				CLANG_WARN_BOOL_CONVERSION = YES;
				CLANG_WARN_CONSTANT_CONVERSION = YES;
				CLANG_WARN_DIRECT_OBJC_ISA_USAGE = YES_ERROR;
				CLANG_WARN_EMPTY_BODY = YES;
				CLANG_WARN_ENUM_CONVERSION = YES;
				CLANG_WARN_INT_CONVERSION = YES;
				CLANG_WARN_OBJC_ROOT_CLASS = YES_ERROR;
				CLANG_WARN_UNREACHABLE_CODE = YES;
				CLANG_WARN__DUPLICATE_METHOD_MATCH = YES;
				"CODE_SIGN_IDENTITY[sdk=iphoneos*]" = "iPhone Developer";
				COPY_PHASE_STRIP = NO;
				DEBUG_INFORMATION_FORMAT = "dwarf-with-dsym";
				ENABLE_NS_ASSERTIONS = NO;
				ENABLE_STRICT_OBJC_MSGSEND = YES;
				GCC_C_LANGUAGE_STANDARD = gnu99;
				GCC_NO_COMMON_BLOCKS = YES;
				GCC_WARN_64_TO_32_BIT_CONVERSION = YES;
				GCC_WARN_ABOUT_RETURN_TYPE = YES_ERROR;
				GCC_WARN_UNDECLARED_SELECTOR = YES;
				GCC_WARN_UNINITIALIZED_AUTOS = YES_AGGRESSIVE;
				GCC_WARN_UNUSED_FUNCTION = YES;
				GCC_WARN_UNUSED_VARIABLE = YES;
				IPHONEOS_DEPLOYMENT_TARGET = 10.0;
				MTL_ENABLE_DEBUG_INFO = NO;
				SDKROOT = iphoneos;
				SWIFT_VERSION = 2.3;
				TARGETED_DEVICE_FAMILY = "1,2";
				VALIDATE_PRODUCT = YES;
			};
			name = Release;
		};
		206FA2091D61AB5F008B1F94 /* Debug */ = {
			isa = XCBuildConfiguration;
			buildSettings = {
				ALWAYS_EMBED_SWIFT_STANDARD_LIBRARIES = YES;
				ASSETCATALOG_COMPILER_APPICON_NAME = AppIcon;
				CLANG_ENABLE_MODULES = YES;
				CODE_SIGN_ENTITLEMENTS = Timeclock/Timeclock.entitlements;
				CODE_SIGN_IDENTITY = "iPhone Developer";
				"CODE_SIGN_IDENTITY[sdk=iphoneos*]" = "iPhone Developer";
				DEVELOPMENT_TEAM = "";
				EMBEDDED_CONTENT_CONTAINS_SWIFT = YES;
				FRAMEWORK_SEARCH_PATHS = (
					"$(inherited)",
					"$(PROJECT_DIR)",
				);
				INFOPLIST_FILE = Timeclock/Info.plist;
				LD_RUNPATH_SEARCH_PATHS = "$(inherited) @executable_path/Frameworks";
				PRODUCT_BUNDLE_IDENTIFIER = com.kairos.kairostimeclock;
				PRODUCT_NAME = "$(TARGET_NAME)";
				PROVISIONING_PROFILE = "";
				PROVISIONING_PROFILE_SPECIFIER = "";
				SWIFT_OBJC_BRIDGING_HEADER = "Timeclock/Timeclock-Bridging-Header.h";
				SWIFT_OPTIMIZATION_LEVEL = "-Onone";
				SWIFT_VERSION = 2.3;
			};
			name = Debug;
		};
		206FA20A1D61AB5F008B1F94 /* Release */ = {
			isa = XCBuildConfiguration;
			buildSettings = {
				ALWAYS_EMBED_SWIFT_STANDARD_LIBRARIES = YES;
				ASSETCATALOG_COMPILER_APPICON_NAME = AppIcon;
				CLANG_ENABLE_MODULES = YES;
				CODE_SIGN_ENTITLEMENTS = Timeclock/Timeclock.entitlements;
				CODE_SIGN_IDENTITY = "iPhone Developer";
				"CODE_SIGN_IDENTITY[sdk=iphoneos*]" = "iPhone Distribution";
				DEVELOPMENT_TEAM = N6W8C2VNME;
				EMBEDDED_CONTENT_CONTAINS_SWIFT = YES;
				FRAMEWORK_SEARCH_PATHS = (
					"$(inherited)",
					"$(PROJECT_DIR)",
				);
				INFOPLIST_FILE = Timeclock/Info.plist;
				LD_RUNPATH_SEARCH_PATHS = "$(inherited) @executable_path/Frameworks";
				PRODUCT_BUNDLE_IDENTIFIER = com.kairos.kairostimeclock;
				PRODUCT_NAME = "$(TARGET_NAME)";
				PROVISIONING_PROFILE = "f488b032-5269-4d2b-b461-7136a8955a0d";
				PROVISIONING_PROFILE_SPECIFIER = "Kairos Timeclock Enterprise";
				SWIFT_OBJC_BRIDGING_HEADER = "Timeclock/Timeclock-Bridging-Header.h";
				SWIFT_VERSION = 2.3;
			};
			name = Release;
		};
		20A31AA91DBDF00B004C81AC /* Debug */ = {
			isa = XCBuildConfiguration;
			buildSettings = {
				BUNDLE_LOADER = "$(TEST_HOST)";
				CLANG_WARN_DOCUMENTATION_COMMENTS = YES;
				CLANG_WARN_INFINITE_RECURSION = YES;
				CLANG_WARN_SUSPICIOUS_MOVES = YES;
				DEVELOPMENT_TEAM = FRVVJ46CY6;
				INFOPLIST_FILE = TimeclockTests/Info.plist;
				LD_RUNPATH_SEARCH_PATHS = "$(inherited) @executable_path/Frameworks @loader_path/Frameworks";
				PRODUCT_BUNDLE_IDENTIFIER = com.kairos.TimeclockTests;
				PRODUCT_NAME = "$(TARGET_NAME)";
				SWIFT_ACTIVE_COMPILATION_CONDITIONS = DEBUG;
				SWIFT_VERSION = 2.3;
				TEST_HOST = "$(BUILT_PRODUCTS_DIR)/Timeclock.app/Timeclock";
			};
			name = Debug;
		};
		20A31AAA1DBDF00B004C81AC /* Release */ = {
			isa = XCBuildConfiguration;
			buildSettings = {
				BUNDLE_LOADER = "$(TEST_HOST)";
				CLANG_WARN_DOCUMENTATION_COMMENTS = YES;
				CLANG_WARN_INFINITE_RECURSION = YES;
				CLANG_WARN_SUSPICIOUS_MOVES = YES;
				DEVELOPMENT_TEAM = FRVVJ46CY6;
				INFOPLIST_FILE = TimeclockTests/Info.plist;
				LD_RUNPATH_SEARCH_PATHS = "$(inherited) @executable_path/Frameworks @loader_path/Frameworks";
				PRODUCT_BUNDLE_IDENTIFIER = com.kairos.TimeclockTests;
				PRODUCT_NAME = "$(TARGET_NAME)";
				SWIFT_OPTIMIZATION_LEVEL = "-Owholemodule";
				SWIFT_VERSION = 2.3;
				TEST_HOST = "$(BUILT_PRODUCTS_DIR)/Timeclock.app/Timeclock";
			};
			name = Release;
		};
/* End XCBuildConfiguration section */

/* Begin XCConfigurationList section */
		206FA1F11D61AB5F008B1F94 /* Build configuration list for PBXProject "Timeclock" */ = {
			isa = XCConfigurationList;
			buildConfigurations = (
				206FA2061D61AB5F008B1F94 /* Debug */,
				206FA2071D61AB5F008B1F94 /* Release */,
			);
			defaultConfigurationIsVisible = 0;
			defaultConfigurationName = Release;
		};
		206FA2081D61AB5F008B1F94 /* Build configuration list for PBXNativeTarget "Timeclock" */ = {
			isa = XCConfigurationList;
			buildConfigurations = (
				206FA2091D61AB5F008B1F94 /* Debug */,
				206FA20A1D61AB5F008B1F94 /* Release */,
			);
			defaultConfigurationIsVisible = 0;
			defaultConfigurationName = Release;
		};
		20A31AA81DBDF00B004C81AC /* Build configuration list for PBXNativeTarget "TimeclockTests" */ = {
			isa = XCConfigurationList;
			buildConfigurations = (
				20A31AA91DBDF00B004C81AC /* Debug */,
				20A31AAA1DBDF00B004C81AC /* Release */,
			);
			defaultConfigurationIsVisible = 0;
			defaultConfigurationName = Release;
		};
/* End XCConfigurationList section */

/* Begin XCVersionGroup section */
		20A31AB21DBDF1CA004C81AC /* Test.xcdatamodeld */ = {
			isa = XCVersionGroup;
			children = (
				20A31AB31DBDF1CA004C81AC /* Test.xcdatamodel */,
			);
			currentVersion = 20A31AB31DBDF1CA004C81AC /* Test.xcdatamodel */;
			path = Test.xcdatamodeld;
			sourceTree = "<group>";
			versionGroupType = wrapper.xcdatamodel;
		};
		20E20BB31DB9367C0017CBA6 /* Model.xcdatamodeld */ = {
			isa = XCVersionGroup;
			children = (
				20E20BB41DB9367C0017CBA6 /* Model.xcdatamodel */,
			);
			currentVersion = 20E20BB41DB9367C0017CBA6 /* Model.xcdatamodel */;
			path = Model.xcdatamodeld;
			sourceTree = "<group>";
			versionGroupType = wrapper.xcdatamodel;
		};
/* End XCVersionGroup section */
	};
	rootObject = 206FA1EE1D61AB5F008B1F94 /* Project object */;
}
