// !$*UTF8*$!
{
	archiveVersion = 1;
	classes = {
	};
	objectVersion = 46;
	objects = {

/* Begin PBXBuildFile section */
		2019ED811D61AD9400912018 /* libKairosSDK.a in Frameworks */ = {isa = PBXBuildFile; fileRef = 2019ED7E1D61AD8200912018 /* libKairosSDK.a */; };
		2029C0CF1D68CAD700DB72AF /* UIKit.framework in Frameworks */ = {isa = PBXBuildFile; fileRef = 2029C0CE1D68CAD700DB72AF /* UIKit.framework */; };
		2029C0D11D68CADD00DB72AF /* Foundation.framework in Frameworks */ = {isa = PBXBuildFile; fileRef = 2029C0D01D68CADD00DB72AF /* Foundation.framework */; };
		2029C0D31D68CAE200DB72AF /* CoreImage.framework in Frameworks */ = {isa = PBXBuildFile; fileRef = 2029C0D21D68CAE200DB72AF /* CoreImage.framework */; };
		2029C0D51D68CAE800DB72AF /* CoreMedia.framework in Frameworks */ = {isa = PBXBuildFile; fileRef = 2029C0D41D68CAE800DB72AF /* CoreMedia.framework */; };
		2029C0D71D68CAEC00DB72AF /* CoreGraphics.framework in Frameworks */ = {isa = PBXBuildFile; fileRef = 2029C0D61D68CAEC00DB72AF /* CoreGraphics.framework */; };
		2029C0D91D68CAF400DB72AF /* AVFoundation.framework in Frameworks */ = {isa = PBXBuildFile; fileRef = 2029C0D81D68CAF400DB72AF /* AVFoundation.framework */; };
		2029C0DB1D68CAFB00DB72AF /* AudioToolbox.framework in Frameworks */ = {isa = PBXBuildFile; fileRef = 2029C0DA1D68CAFB00DB72AF /* AudioToolbox.framework */; };
		204640EE1D6AE31000F527A8 /* ClockViewController.swift in Sources */ = {isa = PBXBuildFile; fileRef = 204640ED1D6AE31000F527A8 /* ClockViewController.swift */; };
		205D6B9C1D64DD0D0018A858 /* TimeClockViewController.swift in Sources */ = {isa = PBXBuildFile; fileRef = 205D6B9B1D64DD0D0018A858 /* TimeClockViewController.swift */; };
		206FA1FA1D61AB5F008B1F94 /* AppDelegate.swift in Sources */ = {isa = PBXBuildFile; fileRef = 206FA1F91D61AB5F008B1F94 /* AppDelegate.swift */; };
		206FA1FC1D61AB5F008B1F94 /* ViewController.swift in Sources */ = {isa = PBXBuildFile; fileRef = 206FA1FB1D61AB5F008B1F94 /* ViewController.swift */; };
		206FA1FF1D61AB5F008B1F94 /* Main.storyboard in Resources */ = {isa = PBXBuildFile; fileRef = 206FA1FD1D61AB5F008B1F94 /* Main.storyboard */; };
		206FA2011D61AB5F008B1F94 /* Assets.xcassets in Resources */ = {isa = PBXBuildFile; fileRef = 206FA2001D61AB5F008B1F94 /* Assets.xcassets */; };
		206FA2041D61AB5F008B1F94 /* LaunchScreen.storyboard in Resources */ = {isa = PBXBuildFile; fileRef = 206FA2021D61AB5F008B1F94 /* LaunchScreen.storyboard */; };
		208B39B01D638C38002EE431 /* TimeClockFlowController.swift in Sources */ = {isa = PBXBuildFile; fileRef = 208B39AF1D638C38002EE431 /* TimeClockFlowController.swift */; };
		20F7B58D1D62FA0000FE1817 /* Keys.plist in Resources */ = {isa = PBXBuildFile; fileRef = 20F7B58C1D62FA0000FE1817 /* Keys.plist */; };
		20F7B5951D62FD3500FE1817 /* IdleViewController.swift in Sources */ = {isa = PBXBuildFile; fileRef = 20F7B5941D62FD3500FE1817 /* IdleViewController.swift */; };
		20F7B5971D62FD5800FE1817 /* CaptureViewController.swift in Sources */ = {isa = PBXBuildFile; fileRef = 20F7B5961D62FD5800FE1817 /* CaptureViewController.swift */; };
		20F7B5991D62FD9700FE1817 /* ClockOptionsViewController.swift in Sources */ = {isa = PBXBuildFile; fileRef = 20F7B5981D62FD9700FE1817 /* ClockOptionsViewController.swift */; };
		20F7B59B1D62FEA600FE1817 /* TimeClockCompositeViewController.swift in Sources */ = {isa = PBXBuildFile; fileRef = 20F7B59A1D62FEA600FE1817 /* TimeClockCompositeViewController.swift */; };
/* End PBXBuildFile section */

/* Begin PBXContainerItemProxy section */
		2019ED7D1D61AD8200912018 /* PBXContainerItemProxy */ = {
			isa = PBXContainerItemProxy;
			containerPortal = 2019ED781D61AD8200912018 /* KairosSDK.xcodeproj */;
			proxyType = 2;
			remoteGlobalIDString = 07AA7D0E18D22DD000C24A69;
			remoteInfo = KairosSDK;
		};
		2019ED7F1D61AD8200912018 /* PBXContainerItemProxy */ = {
			isa = PBXContainerItemProxy;
			containerPortal = 2019ED781D61AD8200912018 /* KairosSDK.xcodeproj */;
			proxyType = 2;
			remoteGlobalIDString = 07AA7D1E18D22DD000C24A69;
			remoteInfo = KairosSDKTests;
		};
/* End PBXContainerItemProxy section */

/* Begin PBXFileReference section */
		2019ED781D61AD8200912018 /* KairosSDK.xcodeproj */ = {isa = PBXFileReference; lastKnownFileType = "wrapper.pb-project"; name = KairosSDK.xcodeproj; path = "Carthage/Checkouts/Kairos-SDK-iOS/KairosSDKSrc/KairosSDK/KairosSDK.xcodeproj"; sourceTree = "<group>"; };
		2019ED821D61AE2900912018 /* Timeclock-Bridging-Header.h */ = {isa = PBXFileReference; lastKnownFileType = sourcecode.c.h; path = "Timeclock-Bridging-Header.h"; sourceTree = "<group>"; };
		2029C0CE1D68CAD700DB72AF /* UIKit.framework */ = {isa = PBXFileReference; lastKnownFileType = wrapper.framework; name = UIKit.framework; path = System/Library/Frameworks/UIKit.framework; sourceTree = SDKROOT; };
		2029C0D01D68CADD00DB72AF /* Foundation.framework */ = {isa = PBXFileReference; lastKnownFileType = wrapper.framework; name = Foundation.framework; path = System/Library/Frameworks/Foundation.framework; sourceTree = SDKROOT; };
		2029C0D21D68CAE200DB72AF /* CoreImage.framework */ = {isa = PBXFileReference; lastKnownFileType = wrapper.framework; name = CoreImage.framework; path = System/Library/Frameworks/CoreImage.framework; sourceTree = SDKROOT; };
		2029C0D41D68CAE800DB72AF /* CoreMedia.framework */ = {isa = PBXFileReference; lastKnownFileType = wrapper.framework; name = CoreMedia.framework; path = System/Library/Frameworks/CoreMedia.framework; sourceTree = SDKROOT; };
		2029C0D61D68CAEC00DB72AF /* CoreGraphics.framework */ = {isa = PBXFileReference; lastKnownFileType = wrapper.framework; name = CoreGraphics.framework; path = System/Library/Frameworks/CoreGraphics.framework; sourceTree = SDKROOT; };
		2029C0D81D68CAF400DB72AF /* AVFoundation.framework */ = {isa = PBXFileReference; lastKnownFileType = wrapper.framework; name = AVFoundation.framework; path = System/Library/Frameworks/AVFoundation.framework; sourceTree = SDKROOT; };
		2029C0DA1D68CAFB00DB72AF /* AudioToolbox.framework */ = {isa = PBXFileReference; lastKnownFileType = wrapper.framework; name = AudioToolbox.framework; path = System/Library/Frameworks/AudioToolbox.framework; sourceTree = SDKROOT; };
		204640ED1D6AE31000F527A8 /* ClockViewController.swift */ = {isa = PBXFileReference; fileEncoding = 4; lastKnownFileType = sourcecode.swift; path = ClockViewController.swift; sourceTree = "<group>"; };
		205D6B9B1D64DD0D0018A858 /* TimeClockViewController.swift */ = {isa = PBXFileReference; fileEncoding = 4; lastKnownFileType = sourcecode.swift; path = TimeClockViewController.swift; sourceTree = "<group>"; };
		206FA1F61D61AB5F008B1F94 /* Timeclock.app */ = {isa = PBXFileReference; explicitFileType = wrapper.application; includeInIndex = 0; path = Timeclock.app; sourceTree = BUILT_PRODUCTS_DIR; };
		206FA1F91D61AB5F008B1F94 /* AppDelegate.swift */ = {isa = PBXFileReference; lastKnownFileType = sourcecode.swift; path = AppDelegate.swift; sourceTree = "<group>"; };
		206FA1FB1D61AB5F008B1F94 /* ViewController.swift */ = {isa = PBXFileReference; lastKnownFileType = sourcecode.swift; path = ViewController.swift; sourceTree = "<group>"; };
		206FA1FE1D61AB5F008B1F94 /* Base */ = {isa = PBXFileReference; lastKnownFileType = file.storyboard; name = Base; path = Base.lproj/Main.storyboard; sourceTree = "<group>"; };
		206FA2001D61AB5F008B1F94 /* Assets.xcassets */ = {isa = PBXFileReference; lastKnownFileType = folder.assetcatalog; path = Assets.xcassets; sourceTree = "<group>"; };
		206FA2031D61AB5F008B1F94 /* Base */ = {isa = PBXFileReference; lastKnownFileType = file.storyboard; name = Base; path = Base.lproj/LaunchScreen.storyboard; sourceTree = "<group>"; };
		206FA2051D61AB5F008B1F94 /* Info.plist */ = {isa = PBXFileReference; lastKnownFileType = text.plist.xml; path = Info.plist; sourceTree = "<group>"; };
		208B39AF1D638C38002EE431 /* TimeClockFlowController.swift */ = {isa = PBXFileReference; fileEncoding = 4; lastKnownFileType = sourcecode.swift; path = TimeClockFlowController.swift; sourceTree = "<group>"; };
		20F7B58C1D62FA0000FE1817 /* Keys.plist */ = {isa = PBXFileReference; fileEncoding = 4; lastKnownFileType = text.plist.xml; path = Keys.plist; sourceTree = "<group>"; };
		20F7B5941D62FD3500FE1817 /* IdleViewController.swift */ = {isa = PBXFileReference; fileEncoding = 4; lastKnownFileType = sourcecode.swift; path = IdleViewController.swift; sourceTree = "<group>"; };
		20F7B5961D62FD5800FE1817 /* CaptureViewController.swift */ = {isa = PBXFileReference; fileEncoding = 4; lastKnownFileType = sourcecode.swift; path = CaptureViewController.swift; sourceTree = "<group>"; };
		20F7B5981D62FD9700FE1817 /* ClockOptionsViewController.swift */ = {isa = PBXFileReference; fileEncoding = 4; lastKnownFileType = sourcecode.swift; path = ClockOptionsViewController.swift; sourceTree = "<group>"; };
		20F7B59A1D62FEA600FE1817 /* TimeClockCompositeViewController.swift */ = {isa = PBXFileReference; fileEncoding = 4; lastKnownFileType = sourcecode.swift; path = TimeClockCompositeViewController.swift; sourceTree = "<group>"; };
/* End PBXFileReference section */

/* Begin PBXFrameworksBuildPhase section */
		206FA1F31D61AB5F008B1F94 /* Frameworks */ = {
			isa = PBXFrameworksBuildPhase;
			buildActionMask = 2147483647;
			files = (
				2029C0DB1D68CAFB00DB72AF /* AudioToolbox.framework in Frameworks */,
				2029C0D91D68CAF400DB72AF /* AVFoundation.framework in Frameworks */,
				2029C0D71D68CAEC00DB72AF /* CoreGraphics.framework in Frameworks */,
				2029C0D51D68CAE800DB72AF /* CoreMedia.framework in Frameworks */,
				2029C0D31D68CAE200DB72AF /* CoreImage.framework in Frameworks */,
				2029C0D11D68CADD00DB72AF /* Foundation.framework in Frameworks */,
				2029C0CF1D68CAD700DB72AF /* UIKit.framework in Frameworks */,
				2019ED811D61AD9400912018 /* libKairosSDK.a in Frameworks */,
			);
			runOnlyForDeploymentPostprocessing = 0;
		};
/* End PBXFrameworksBuildPhase section */

/* Begin PBXGroup section */
		2019ED791D61AD8200912018 /* Products */ = {
			isa = PBXGroup;
			children = (
				2019ED7E1D61AD8200912018 /* libKairosSDK.a */,
				2019ED801D61AD8200912018 /* KairosSDKTests.xctest */,
			);
			name = Products;
			sourceTree = "<group>";
		};
		2029C0DC1D68CB0100DB72AF /* Frameworks */ = {
			isa = PBXGroup;
			children = (
				2029C0DA1D68CAFB00DB72AF /* AudioToolbox.framework */,
				2029C0D81D68CAF400DB72AF /* AVFoundation.framework */,
				2029C0D61D68CAEC00DB72AF /* CoreGraphics.framework */,
				2029C0D41D68CAE800DB72AF /* CoreMedia.framework */,
				2029C0D21D68CAE200DB72AF /* CoreImage.framework */,
				2029C0D01D68CADD00DB72AF /* Foundation.framework */,
				2029C0CE1D68CAD700DB72AF /* UIKit.framework */,
			);
			name = Frameworks;
			sourceTree = "<group>";
		};
		205D6B981D64DCC30018A858 /* Protocols */ = {
			isa = PBXGroup;
			children = (
				205D6B9B1D64DD0D0018A858 /* TimeClockViewController.swift */,
			);
			name = Protocols;
			sourceTree = "<group>";
		};
		206FA1ED1D61AB5F008B1F94 = {
			isa = PBXGroup;
			children = (
				206FA1F81D61AB5F008B1F94 /* Timeclock */,
				206FA1F71D61AB5F008B1F94 /* Products */,
				2019ED781D61AD8200912018 /* KairosSDK.xcodeproj */,
			);
			sourceTree = "<group>";
		};
		206FA1F71D61AB5F008B1F94 /* Products */ = {
			isa = PBXGroup;
			children = (
				206FA1F61D61AB5F008B1F94 /* Timeclock.app */,
			);
			name = Products;
			sourceTree = "<group>";
		};
		206FA1F81D61AB5F008B1F94 /* Timeclock */ = {
			isa = PBXGroup;
			children = (
				2029C0DC1D68CB0100DB72AF /* Frameworks */,
				205D6B981D64DCC30018A858 /* Protocols */,
				208B39B31D638C3B002EE431 /* Flow Controllers */,
				20F7B5911D62FD1F00FE1817 /* View Controllers */,
				206FA1F91D61AB5F008B1F94 /* AppDelegate.swift */,
				206FA1FB1D61AB5F008B1F94 /* ViewController.swift */,
				206FA1FD1D61AB5F008B1F94 /* Main.storyboard */,
				206FA2001D61AB5F008B1F94 /* Assets.xcassets */,
				206FA2021D61AB5F008B1F94 /* LaunchScreen.storyboard */,
				206FA2051D61AB5F008B1F94 /* Info.plist */,
				2019ED821D61AE2900912018 /* Timeclock-Bridging-Header.h */,
				20F7B58C1D62FA0000FE1817 /* Keys.plist */,
			);
			path = Timeclock;
			sourceTree = "<group>";
		};
		208B39B31D638C3B002EE431 /* Flow Controllers */ = {
			isa = PBXGroup;
			children = (
				208B39AF1D638C38002EE431 /* TimeClockFlowController.swift */,
			);
			name = "Flow Controllers";
			sourceTree = "<group>";
		};
		20F7B5911D62FD1F00FE1817 /* View Controllers */ = {
			isa = PBXGroup;
			children = (
				20F7B5941D62FD3500FE1817 /* IdleViewController.swift */,
				20F7B5961D62FD5800FE1817 /* CaptureViewController.swift */,
				20F7B5981D62FD9700FE1817 /* ClockOptionsViewController.swift */,
				20F7B59A1D62FEA600FE1817 /* TimeClockCompositeViewController.swift */,
				204640ED1D6AE31000F527A8 /* ClockViewController.swift */,
			);
			name = "View Controllers";
			sourceTree = "<group>";
		};
/* End PBXGroup section */

/* Begin PBXNativeTarget section */
		206FA1F51D61AB5F008B1F94 /* Timeclock */ = {
			isa = PBXNativeTarget;
			buildConfigurationList = 206FA2081D61AB5F008B1F94 /* Build configuration list for PBXNativeTarget "Timeclock" */;
			buildPhases = (
				206FA1F21D61AB5F008B1F94 /* Sources */,
				206FA1F31D61AB5F008B1F94 /* Frameworks */,
				206FA1F41D61AB5F008B1F94 /* Resources */,
			);
			buildRules = (
			);
			dependencies = (
			);
			name = Timeclock;
			productName = Timeclock;
			productReference = 206FA1F61D61AB5F008B1F94 /* Timeclock.app */;
			productType = "com.apple.product-type.application";
		};
/* End PBXNativeTarget section */

/* Begin PBXProject section */
		206FA1EE1D61AB5F008B1F94 /* Project object */ = {
			isa = PBXProject;
			attributes = {
				LastSwiftUpdateCheck = 0730;
				LastUpgradeCheck = 0730;
				ORGANIZATIONNAME = Kairos;
				TargetAttributes = {
					206FA1F51D61AB5F008B1F94 = {
						CreatedOnToolsVersion = 7.3.1;
						DevelopmentTeam = M7MT8VBSGG;
					};
				};
			};
			buildConfigurationList = 206FA1F11D61AB5F008B1F94 /* Build configuration list for PBXProject "Timeclock" */;
			compatibilityVersion = "Xcode 3.2";
			developmentRegion = English;
			hasScannedForEncodings = 0;
			knownRegions = (
				en,
				Base,
			);
			mainGroup = 206FA1ED1D61AB5F008B1F94;
			productRefGroup = 206FA1F71D61AB5F008B1F94 /* Products */;
			projectDirPath = "";
			projectReferences = (
				{
					ProductGroup = 2019ED791D61AD8200912018 /* Products */;
					ProjectRef = 2019ED781D61AD8200912018 /* KairosSDK.xcodeproj */;
				},
			);
			projectRoot = "";
			targets = (
				206FA1F51D61AB5F008B1F94 /* Timeclock */,
			);
		};
/* End PBXProject section */

/* Begin PBXReferenceProxy section */
		2019ED7E1D61AD8200912018 /* libKairosSDK.a */ = {
			isa = PBXReferenceProxy;
			fileType = archive.ar;
			path = libKairosSDK.a;
			remoteRef = 2019ED7D1D61AD8200912018 /* PBXContainerItemProxy */;
			sourceTree = BUILT_PRODUCTS_DIR;
		};
		2019ED801D61AD8200912018 /* KairosSDKTests.xctest */ = {
			isa = PBXReferenceProxy;
			fileType = wrapper.cfbundle;
			path = KairosSDKTests.xctest;
			remoteRef = 2019ED7F1D61AD8200912018 /* PBXContainerItemProxy */;
			sourceTree = BUILT_PRODUCTS_DIR;
		};
/* End PBXReferenceProxy section */

/* Begin PBXResourcesBuildPhase section */
		206FA1F41D61AB5F008B1F94 /* Resources */ = {
			isa = PBXResourcesBuildPhase;
			buildActionMask = 2147483647;
			files = (
				20F7B58D1D62FA0000FE1817 /* Keys.plist in Resources */,
				206FA2041D61AB5F008B1F94 /* LaunchScreen.storyboard in Resources */,
				206FA2011D61AB5F008B1F94 /* Assets.xcassets in Resources */,
				206FA1FF1D61AB5F008B1F94 /* Main.storyboard in Resources */,
			);
			runOnlyForDeploymentPostprocessing = 0;
		};
/* End PBXResourcesBuildPhase section */

/* Begin PBXSourcesBuildPhase section */
		206FA1F21D61AB5F008B1F94 /* Sources */ = {
			isa = PBXSourcesBuildPhase;
			buildActionMask = 2147483647;
			files = (
				204640EE1D6AE31000F527A8 /* ClockViewController.swift in Sources */,
				20F7B5991D62FD9700FE1817 /* ClockOptionsViewController.swift in Sources */,
				206FA1FC1D61AB5F008B1F94 /* ViewController.swift in Sources */,
				205D6B9C1D64DD0D0018A858 /* TimeClockViewController.swift in Sources */,
				20F7B5971D62FD5800FE1817 /* CaptureViewController.swift in Sources */,
				206FA1FA1D61AB5F008B1F94 /* AppDelegate.swift in Sources */,
				20F7B59B1D62FEA600FE1817 /* TimeClockCompositeViewController.swift in Sources */,
				208B39B01D638C38002EE431 /* TimeClockFlowController.swift in Sources */,
				20F7B5951D62FD3500FE1817 /* IdleViewController.swift in Sources */,
			);
			runOnlyForDeploymentPostprocessing = 0;
		};
/* End PBXSourcesBuildPhase section */

/* Begin PBXVariantGroup section */
		206FA1FD1D61AB5F008B1F94 /* Main.storyboard */ = {
			isa = PBXVariantGroup;
			children = (
				206FA1FE1D61AB5F008B1F94 /* Base */,
			);
			name = Main.storyboard;
			sourceTree = "<group>";
		};
		206FA2021D61AB5F008B1F94 /* LaunchScreen.storyboard */ = {
			isa = PBXVariantGroup;
			children = (
				206FA2031D61AB5F008B1F94 /* Base */,
			);
			name = LaunchScreen.storyboard;
			sourceTree = "<group>";
		};
/* End PBXVariantGroup section */

/* Begin XCBuildConfiguration section */
		206FA2061D61AB5F008B1F94 /* Debug */ = {
			isa = XCBuildConfiguration;
			buildSettings = {
				ALWAYS_SEARCH_USER_PATHS = NO;
				CLANG_ANALYZER_NONNULL = YES;
				CLANG_CXX_LANGUAGE_STANDARD = "gnu++0x";
				CLANG_CXX_LIBRARY = "libc++";
				CLANG_ENABLE_MODULES = YES;
				CLANG_ENABLE_OBJC_ARC = YES;
				CLANG_WARN_BOOL_CONVERSION = YES;
				CLANG_WARN_CONSTANT_CONVERSION = YES;
				CLANG_WARN_DIRECT_OBJC_ISA_USAGE = YES_ERROR;
				CLANG_WARN_EMPTY_BODY = YES;
				CLANG_WARN_ENUM_CONVERSION = YES;
				CLANG_WARN_INT_CONVERSION = YES;
				CLANG_WARN_OBJC_ROOT_CLASS = YES_ERROR;
				CLANG_WARN_UNREACHABLE_CODE = YES;
				CLANG_WARN__DUPLICATE_METHOD_MATCH = YES;
				"CODE_SIGN_IDENTITY[sdk=iphoneos*]" = "iPhone Developer";
				COPY_PHASE_STRIP = NO;
				DEBUG_INFORMATION_FORMAT = dwarf;
				ENABLE_STRICT_OBJC_MSGSEND = YES;
				ENABLE_TESTABILITY = YES;
				GCC_C_LANGUAGE_STANDARD = gnu99;
				GCC_DYNAMIC_NO_PIC = NO;
				GCC_NO_COMMON_BLOCKS = YES;
				GCC_OPTIMIZATION_LEVEL = 0;
				GCC_PREPROCESSOR_DEFINITIONS = (
					"DEBUG=1",
					"$(inherited)",
				);
				GCC_WARN_64_TO_32_BIT_CONVERSION = YES;
				GCC_WARN_ABOUT_RETURN_TYPE = YES_ERROR;
				GCC_WARN_UNDECLARED_SELECTOR = YES;
				GCC_WARN_UNINITIALIZED_AUTOS = YES_AGGRESSIVE;
				GCC_WARN_UNUSED_FUNCTION = YES;
				GCC_WARN_UNUSED_VARIABLE = YES;
				IPHONEOS_DEPLOYMENT_TARGET = 9.3;
				MTL_ENABLE_DEBUG_INFO = YES;
				ONLY_ACTIVE_ARCH = YES;
				SDKROOT = iphoneos;
				SWIFT_OPTIMIZATION_LEVEL = "-Onone";
				TARGETED_DEVICE_FAMILY = "1,2";
			};
			name = Debug;
		};
		206FA2071D61AB5F008B1F94 /* Release */ = {
			isa = XCBuildConfiguration;
			buildSettings = {
				ALWAYS_SEARCH_USER_PATHS = NO;
				CLANG_ANALYZER_NONNULL = YES;
				CLANG_CXX_LANGUAGE_STANDARD = "gnu++0x";
				CLANG_CXX_LIBRARY = "libc++";
				CLANG_ENABLE_MODULES = YES;
				CLANG_ENABLE_OBJC_ARC = YES;
				CLANG_WARN_BOOL_CONVERSION = YES;
				CLANG_WARN_CONSTANT_CONVERSION = YES;
				CLANG_WARN_DIRECT_OBJC_ISA_USAGE = YES_ERROR;
				CLANG_WARN_EMPTY_BODY = YES;
				CLANG_WARN_ENUM_CONVERSION = YES;
				CLANG_WARN_INT_CONVERSION = YES;
				CLANG_WARN_OBJC_ROOT_CLASS = YES_ERROR;
				CLANG_WARN_UNREACHABLE_CODE = YES;
				CLANG_WARN__DUPLICATE_METHOD_MATCH = YES;
				"CODE_SIGN_IDENTITY[sdk=iphoneos*]" = "iPhone Developer";
				COPY_PHASE_STRIP = NO;
				DEBUG_INFORMATION_FORMAT = "dwarf-with-dsym";
				ENABLE_NS_ASSERTIONS = NO;
				ENABLE_STRICT_OBJC_MSGSEND = YES;
				GCC_C_LANGUAGE_STANDARD = gnu99;
				GCC_NO_COMMON_BLOCKS = YES;
				GCC_WARN_64_TO_32_BIT_CONVERSION = YES;
				GCC_WARN_ABOUT_RETURN_TYPE = YES_ERROR;
				GCC_WARN_UNDECLARED_SELECTOR = YES;
				GCC_WARN_UNINITIALIZED_AUTOS = YES_AGGRESSIVE;
				GCC_WARN_UNUSED_FUNCTION = YES;
				GCC_WARN_UNUSED_VARIABLE = YES;
				IPHONEOS_DEPLOYMENT_TARGET = 9.3;
				MTL_ENABLE_DEBUG_INFO = NO;
				SDKROOT = iphoneos;
				TARGETED_DEVICE_FAMILY = "1,2";
				VALIDATE_PRODUCT = YES;
			};
			name = Release;
		};
		206FA2091D61AB5F008B1F94 /* Debug */ = {
			isa = XCBuildConfiguration;
			buildSettings = {
				ASSETCATALOG_COMPILER_APPICON_NAME = AppIcon;
				CLANG_ENABLE_MODULES = YES;
				CODE_SIGN_IDENTITY = "iPhone Developer";
				INFOPLIST_FILE = Timeclock/Info.plist;
				LD_RUNPATH_SEARCH_PATHS = "$(inherited) @executable_path/Frameworks";
				PRODUCT_BUNDLE_IDENTIFIER = com.tomhut.dev;
				PRODUCT_NAME = "$(TARGET_NAME)";
				SWIFT_OBJC_BRIDGING_HEADER = "Timeclock/Timeclock-Bridging-Header.h";
				SWIFT_OPTIMIZATION_LEVEL = "-Onone";
			};
			name = Debug;
		};
		206FA20A1D61AB5F008B1F94 /* Release */ = {
			isa = XCBuildConfiguration;
			buildSettings = {
				ASSETCATALOG_COMPILER_APPICON_NAME = AppIcon;
				CLANG_ENABLE_MODULES = YES;
				CODE_SIGN_IDENTITY = "iPhone Developer";
				INFOPLIST_FILE = Timeclock/Info.plist;
				LD_RUNPATH_SEARCH_PATHS = "$(inherited) @executable_path/Frameworks";
				PRODUCT_BUNDLE_IDENTIFIER = com.tomhut.dev;
				PRODUCT_NAME = "$(TARGET_NAME)";
				SWIFT_OBJC_BRIDGING_HEADER = "Timeclock/Timeclock-Bridging-Header.h";
			};
			name = Release;
		};
/* End XCBuildConfiguration section */

/* Begin XCConfigurationList section */
		206FA1F11D61AB5F008B1F94 /* Build configuration list for PBXProject "Timeclock" */ = {
			isa = XCConfigurationList;
			buildConfigurations = (
				206FA2061D61AB5F008B1F94 /* Debug */,
				206FA2071D61AB5F008B1F94 /* Release */,
			);
			defaultConfigurationIsVisible = 0;
			defaultConfigurationName = Release;
		};
		206FA2081D61AB5F008B1F94 /* Build configuration list for PBXNativeTarget "Timeclock" */ = {
			isa = XCConfigurationList;
			buildConfigurations = (
				206FA2091D61AB5F008B1F94 /* Debug */,
				206FA20A1D61AB5F008B1F94 /* Release */,
			);
			defaultConfigurationIsVisible = 0;
			defaultConfigurationName = Release;
		};
/* End XCConfigurationList section */
	};
	rootObject = 206FA1EE1D61AB5F008B1F94 /* Project object */;
}
